// !$*UTF8*$!
{
	archiveVersion = 1;
	classes = {
	};
	objectVersion = 56;
	objects = {

/* Begin PBXBuildFile section */
		0611FD422B0A9FBC008A6CDE /* PortfolioApp.swift in Sources */ = {isa = PBXBuildFile; fileRef = 0611FD412B0A9FBC008A6CDE /* PortfolioApp.swift */; };
		0611FD462B0A9FBC008A6CDE /* Assets.xcassets in Resources */ = {isa = PBXBuildFile; fileRef = 0611FD452B0A9FBC008A6CDE /* Assets.xcassets */; };
		0611FD542B0A9FBC008A6CDE /* PortfolioTests.swift in Sources */ = {isa = PBXBuildFile; fileRef = 0611FD532B0A9FBC008A6CDE /* PortfolioTests.swift */; };
		0611FD5E2B0A9FBC008A6CDE /* PortfolioUITests.swift in Sources */ = {isa = PBXBuildFile; fileRef = 0611FD5D2B0A9FBC008A6CDE /* PortfolioUITests.swift */; };
		0611FD602B0A9FBC008A6CDE /* PortfolioUITestsLaunchTests.swift in Sources */ = {isa = PBXBuildFile; fileRef = 0611FD5F2B0A9FBC008A6CDE /* PortfolioUITestsLaunchTests.swift */; };
		0611FDCD2B0AA075008A6CDE /* ServicesInjector.swift in Sources */ = {isa = PBXBuildFile; fileRef = 0611FDCC2B0AA075008A6CDE /* ServicesInjector.swift */; };
		0611FDCE2B0AA075008A6CDE /* ServicesInjector.swift in Sources */ = {isa = PBXBuildFile; fileRef = 0611FDCC2B0AA075008A6CDE /* ServicesInjector.swift */; };
		0611FDDA2B0AA2D5008A6CDE /* ColorScheme.xcassets in Resources */ = {isa = PBXBuildFile; fileRef = 0611FDD92B0AA2D5008A6CDE /* ColorScheme.xcassets */; };
		0611FDDB2B0AA2D5008A6CDE /* ColorScheme.xcassets in Resources */ = {isa = PBXBuildFile; fileRef = 0611FDD92B0AA2D5008A6CDE /* ColorScheme.xcassets */; };
		0611FDDD2B0AA3D8008A6CDE /* ColorScheme.swift in Sources */ = {isa = PBXBuildFile; fileRef = 0611FDDC2B0AA3D8008A6CDE /* ColorScheme.swift */; };
		0611FDDE2B0AA3D8008A6CDE /* ColorScheme.swift in Sources */ = {isa = PBXBuildFile; fileRef = 0611FDDC2B0AA3D8008A6CDE /* ColorScheme.swift */; };
		0611FE012B0AA4A5008A6CDE /* AboutSceneView.swift in Sources */ = {isa = PBXBuildFile; fileRef = 0611FDE02B0AA4A5008A6CDE /* AboutSceneView.swift */; };
		0611FE022B0AA4A5008A6CDE /* AboutSceneView.swift in Sources */ = {isa = PBXBuildFile; fileRef = 0611FDE02B0AA4A5008A6CDE /* AboutSceneView.swift */; };
		0611FE032B0AA4A5008A6CDE /* AboutSceneFactory.swift in Sources */ = {isa = PBXBuildFile; fileRef = 0611FDE12B0AA4A5008A6CDE /* AboutSceneFactory.swift */; };
		0611FE042B0AA4A5008A6CDE /* AboutSceneFactory.swift in Sources */ = {isa = PBXBuildFile; fileRef = 0611FDE12B0AA4A5008A6CDE /* AboutSceneFactory.swift */; };
		0611FE052B0AA4A5008A6CDE /* AboutSceneRouter.swift in Sources */ = {isa = PBXBuildFile; fileRef = 0611FDE22B0AA4A5008A6CDE /* AboutSceneRouter.swift */; };
		0611FE062B0AA4A5008A6CDE /* AboutSceneRouter.swift in Sources */ = {isa = PBXBuildFile; fileRef = 0611FDE22B0AA4A5008A6CDE /* AboutSceneRouter.swift */; };
		0611FE0B2B0AA4A5008A6CDE /* ContactScenePresenter.swift in Sources */ = {isa = PBXBuildFile; fileRef = 0611FDE62B0AA4A5008A6CDE /* ContactScenePresenter.swift */; };
		0611FE0C2B0AA4A5008A6CDE /* ContactScenePresenter.swift in Sources */ = {isa = PBXBuildFile; fileRef = 0611FDE62B0AA4A5008A6CDE /* ContactScenePresenter.swift */; };
		0611FE0D2B0AA4A5008A6CDE /* ContactSceneInteractor.swift in Sources */ = {isa = PBXBuildFile; fileRef = 0611FDE72B0AA4A5008A6CDE /* ContactSceneInteractor.swift */; };
		0611FE0E2B0AA4A5008A6CDE /* ContactSceneInteractor.swift in Sources */ = {isa = PBXBuildFile; fileRef = 0611FDE72B0AA4A5008A6CDE /* ContactSceneInteractor.swift */; };
		0611FE0F2B0AA4A5008A6CDE /* ContactSceneRouter.swift in Sources */ = {isa = PBXBuildFile; fileRef = 0611FDE82B0AA4A5008A6CDE /* ContactSceneRouter.swift */; };
		0611FE102B0AA4A5008A6CDE /* ContactSceneRouter.swift in Sources */ = {isa = PBXBuildFile; fileRef = 0611FDE82B0AA4A5008A6CDE /* ContactSceneRouter.swift */; };
		0611FE112B0AA4A5008A6CDE /* ContactSceneFactory.swift in Sources */ = {isa = PBXBuildFile; fileRef = 0611FDE92B0AA4A5008A6CDE /* ContactSceneFactory.swift */; };
		0611FE122B0AA4A5008A6CDE /* ContactSceneFactory.swift in Sources */ = {isa = PBXBuildFile; fileRef = 0611FDE92B0AA4A5008A6CDE /* ContactSceneFactory.swift */; };
		0611FE132B0AA4A5008A6CDE /* ContactSceneView.swift in Sources */ = {isa = PBXBuildFile; fileRef = 0611FDEA2B0AA4A5008A6CDE /* ContactSceneView.swift */; };
		0611FE142B0AA4A5008A6CDE /* ContactSceneView.swift in Sources */ = {isa = PBXBuildFile; fileRef = 0611FDEA2B0AA4A5008A6CDE /* ContactSceneView.swift */; };
		0611FE152B0AA4A5008A6CDE /* NavigationWrapperView.swift in Sources */ = {isa = PBXBuildFile; fileRef = 0611FDEC2B0AA4A5008A6CDE /* NavigationWrapperView.swift */; };
		0611FE162B0AA4A5008A6CDE /* NavigationWrapperView.swift in Sources */ = {isa = PBXBuildFile; fileRef = 0611FDEC2B0AA4A5008A6CDE /* NavigationWrapperView.swift */; };
		0611FE172B0AA4A5008A6CDE /* NavigationCoordinator.swift in Sources */ = {isa = PBXBuildFile; fileRef = 0611FDED2B0AA4A5008A6CDE /* NavigationCoordinator.swift */; };
		0611FE182B0AA4A5008A6CDE /* NavigationCoordinator.swift in Sources */ = {isa = PBXBuildFile; fileRef = 0611FDED2B0AA4A5008A6CDE /* NavigationCoordinator.swift */; };
		0611FE192B0AA4A5008A6CDE /* Factory.swift in Sources */ = {isa = PBXBuildFile; fileRef = 0611FDEE2B0AA4A5008A6CDE /* Factory.swift */; };
		0611FE1A2B0AA4A5008A6CDE /* Factory.swift in Sources */ = {isa = PBXBuildFile; fileRef = 0611FDEE2B0AA4A5008A6CDE /* Factory.swift */; };
		0611FE1B2B0AA4A5008A6CDE /* SkillsScenePresenter.swift in Sources */ = {isa = PBXBuildFile; fileRef = 0611FDF02B0AA4A5008A6CDE /* SkillsScenePresenter.swift */; };
		0611FE1C2B0AA4A5008A6CDE /* SkillsScenePresenter.swift in Sources */ = {isa = PBXBuildFile; fileRef = 0611FDF02B0AA4A5008A6CDE /* SkillsScenePresenter.swift */; };
		0611FE1D2B0AA4A5008A6CDE /* SkillsSceneFactory.swift in Sources */ = {isa = PBXBuildFile; fileRef = 0611FDF12B0AA4A5008A6CDE /* SkillsSceneFactory.swift */; };
		0611FE1E2B0AA4A5008A6CDE /* SkillsSceneFactory.swift in Sources */ = {isa = PBXBuildFile; fileRef = 0611FDF12B0AA4A5008A6CDE /* SkillsSceneFactory.swift */; };
		0611FE1F2B0AA4A5008A6CDE /* SkillsSceneInteractor.swift in Sources */ = {isa = PBXBuildFile; fileRef = 0611FDF22B0AA4A5008A6CDE /* SkillsSceneInteractor.swift */; };
		0611FE202B0AA4A5008A6CDE /* SkillsSceneInteractor.swift in Sources */ = {isa = PBXBuildFile; fileRef = 0611FDF22B0AA4A5008A6CDE /* SkillsSceneInteractor.swift */; };
		0611FE212B0AA4A5008A6CDE /* SkillsSceneView.swift in Sources */ = {isa = PBXBuildFile; fileRef = 0611FDF32B0AA4A5008A6CDE /* SkillsSceneView.swift */; };
		0611FE222B0AA4A5008A6CDE /* SkillsSceneView.swift in Sources */ = {isa = PBXBuildFile; fileRef = 0611FDF32B0AA4A5008A6CDE /* SkillsSceneView.swift */; };
		0611FE232B0AA4A5008A6CDE /* SkillsSceneRouter.swift in Sources */ = {isa = PBXBuildFile; fileRef = 0611FDF42B0AA4A5008A6CDE /* SkillsSceneRouter.swift */; };
		0611FE242B0AA4A5008A6CDE /* SkillsSceneRouter.swift in Sources */ = {isa = PBXBuildFile; fileRef = 0611FDF42B0AA4A5008A6CDE /* SkillsSceneRouter.swift */; };
		0611FE252B0AA4A5008A6CDE /* MainSceneView.swift in Sources */ = {isa = PBXBuildFile; fileRef = 0611FDF62B0AA4A5008A6CDE /* MainSceneView.swift */; };
		0611FE262B0AA4A5008A6CDE /* MainSceneView.swift in Sources */ = {isa = PBXBuildFile; fileRef = 0611FDF62B0AA4A5008A6CDE /* MainSceneView.swift */; };
		0611FE272B0AA4A5008A6CDE /* MainSceneRouter.swift in Sources */ = {isa = PBXBuildFile; fileRef = 0611FDF72B0AA4A5008A6CDE /* MainSceneRouter.swift */; };
		0611FE282B0AA4A5008A6CDE /* MainSceneRouter.swift in Sources */ = {isa = PBXBuildFile; fileRef = 0611FDF72B0AA4A5008A6CDE /* MainSceneRouter.swift */; };
		0611FE292B0AA4A5008A6CDE /* MainSceneFactory.swift in Sources */ = {isa = PBXBuildFile; fileRef = 0611FDF82B0AA4A5008A6CDE /* MainSceneFactory.swift */; };
		0611FE2A2B0AA4A5008A6CDE /* MainSceneFactory.swift in Sources */ = {isa = PBXBuildFile; fileRef = 0611FDF82B0AA4A5008A6CDE /* MainSceneFactory.swift */; };
		0611FE3E2B0AA616008A6CDE /* Localizables.swift in Sources */ = {isa = PBXBuildFile; fileRef = 0611FE3D2B0AA616008A6CDE /* Localizables.swift */; };
		0611FE3F2B0AA616008A6CDE /* Localizables.swift in Sources */ = {isa = PBXBuildFile; fileRef = 0611FE3D2B0AA616008A6CDE /* Localizables.swift */; };
		0611FE412B0AA634008A6CDE /* Icons.xcassets in Resources */ = {isa = PBXBuildFile; fileRef = 0611FE402B0AA634008A6CDE /* Icons.xcassets */; };
		0611FE422B0AA634008A6CDE /* Icons.xcassets in Resources */ = {isa = PBXBuildFile; fileRef = 0611FE402B0AA634008A6CDE /* Icons.xcassets */; };
		0611FE442B0AA63A008A6CDE /* Icons.swift in Sources */ = {isa = PBXBuildFile; fileRef = 0611FE432B0AA63A008A6CDE /* Icons.swift */; };
		0611FE452B0AA63A008A6CDE /* Icons.swift in Sources */ = {isa = PBXBuildFile; fileRef = 0611FE432B0AA63A008A6CDE /* Icons.swift */; };
		0611FE4A2B0AA802008A6CDE /* LaunchScreen.storyboard in Resources */ = {isa = PBXBuildFile; fileRef = 0611FE492B0AA802008A6CDE /* LaunchScreen.storyboard */; };
		0611FE4B2B0AA802008A6CDE /* LaunchScreen.storyboard in Resources */ = {isa = PBXBuildFile; fileRef = 0611FE492B0AA802008A6CDE /* LaunchScreen.storyboard */; };
		0611FE502B0AADF2008A6CDE /* NgonShape.swift in Sources */ = {isa = PBXBuildFile; fileRef = 0611FE4F2B0AADF2008A6CDE /* NgonShape.swift */; };
		0611FE512B0AADF2008A6CDE /* NgonShape.swift in Sources */ = {isa = PBXBuildFile; fileRef = 0611FE4F2B0AADF2008A6CDE /* NgonShape.swift */; };
		0611FE532B0AB86D008A6CDE /* CoreGraphics+Init.swift in Sources */ = {isa = PBXBuildFile; fileRef = 0611FE522B0AB86D008A6CDE /* CoreGraphics+Init.swift */; };
		0611FE542B0AB86D008A6CDE /* CoreGraphics+Init.swift in Sources */ = {isa = PBXBuildFile; fileRef = 0611FE522B0AB86D008A6CDE /* CoreGraphics+Init.swift */; };
		0611FE572B0AB88E008A6CDE /* CoreGraphics+Operators.swift in Sources */ = {isa = PBXBuildFile; fileRef = 0611FE562B0AB88E008A6CDE /* CoreGraphics+Operators.swift */; };
		0611FE582B0AB88E008A6CDE /* CoreGraphics+Operators.swift in Sources */ = {isa = PBXBuildFile; fileRef = 0611FE562B0AB88E008A6CDE /* CoreGraphics+Operators.swift */; };
		062889072B31E6AB00F89279 /* SkillEntity.swift in Sources */ = {isa = PBXBuildFile; fileRef = 062889062B31E6AB00F89279 /* SkillEntity.swift */; };
		062889082B31E6AB00F89279 /* SkillEntity.swift in Sources */ = {isa = PBXBuildFile; fileRef = 062889062B31E6AB00F89279 /* SkillEntity.swift */; };
		0628890A2B31E71900F89279 /* NetworkWrapper.swift in Sources */ = {isa = PBXBuildFile; fileRef = 062889092B31E71900F89279 /* NetworkWrapper.swift */; };
		0628890B2B31E71900F89279 /* NetworkWrapper.swift in Sources */ = {isa = PBXBuildFile; fileRef = 062889092B31E71900F89279 /* NetworkWrapper.swift */; };
		0628890D2B31E73100F89279 /* NetworkDecoder.swift in Sources */ = {isa = PBXBuildFile; fileRef = 0628890C2B31E73100F89279 /* NetworkDecoder.swift */; };
		0628890E2B31E73100F89279 /* NetworkDecoder.swift in Sources */ = {isa = PBXBuildFile; fileRef = 0628890C2B31E73100F89279 /* NetworkDecoder.swift */; };
		062889112B31E77300F89279 /* Alamofire in Frameworks */ = {isa = PBXBuildFile; productRef = 062889102B31E77300F89279 /* Alamofire */; };
		062889152B31E7B200F89279 /* APIService.swift in Sources */ = {isa = PBXBuildFile; fileRef = 062889142B31E7B200F89279 /* APIService.swift */; };
		062889162B31E7B200F89279 /* APIService.swift in Sources */ = {isa = PBXBuildFile; fileRef = 062889142B31E7B200F89279 /* APIService.swift */; };
		062889192B31E7F900F89279 /* BaseRequest.swift in Sources */ = {isa = PBXBuildFile; fileRef = 062889182B31E7F900F89279 /* BaseRequest.swift */; };
		0628891A2B31E7F900F89279 /* BaseRequest.swift in Sources */ = {isa = PBXBuildFile; fileRef = 062889182B31E7F900F89279 /* BaseRequest.swift */; };
		0628891C2B31E88E00F89279 /* APIError.swift in Sources */ = {isa = PBXBuildFile; fileRef = 0628891B2B31E88E00F89279 /* APIError.swift */; };
		0628891D2B31E88E00F89279 /* APIError.swift in Sources */ = {isa = PBXBuildFile; fileRef = 0628891B2B31E88E00F89279 /* APIError.swift */; };
		062889202B31EB0200F89279 /* Date+Formatter.swift in Sources */ = {isa = PBXBuildFile; fileRef = 0628891F2B31EB0200F89279 /* Date+Formatter.swift */; };
		062889212B31EB0200F89279 /* Date+Formatter.swift in Sources */ = {isa = PBXBuildFile; fileRef = 0628891F2B31EB0200F89279 /* Date+Formatter.swift */; };
		062889232B31EBF500F89279 /* AppConstants.swift in Sources */ = {isa = PBXBuildFile; fileRef = 062889222B31EBF500F89279 /* AppConstants.swift */; };
		062889242B31EBF500F89279 /* AppConstants.swift in Sources */ = {isa = PBXBuildFile; fileRef = 062889222B31EBF500F89279 /* AppConstants.swift */; };
		062889282B31EC7B00F89279 /* GetSkillsRequest.swift in Sources */ = {isa = PBXBuildFile; fileRef = 062889272B31EC7B00F89279 /* GetSkillsRequest.swift */; };
		062889292B31EC7B00F89279 /* GetSkillsRequest.swift in Sources */ = {isa = PBXBuildFile; fileRef = 062889272B31EC7B00F89279 /* GetSkillsRequest.swift */; };
		0628892D2B31ED2F00F89279 /* GetSkillsResponse.swift in Sources */ = {isa = PBXBuildFile; fileRef = 0628892C2B31ED2F00F89279 /* GetSkillsResponse.swift */; };
		0628892E2B31ED2F00F89279 /* GetSkillsResponse.swift in Sources */ = {isa = PBXBuildFile; fileRef = 0628892C2B31ED2F00F89279 /* GetSkillsResponse.swift */; };
		062889302B31EDB200F89279 /* APIServiceLocalMock.swift in Sources */ = {isa = PBXBuildFile; fileRef = 0628892F2B31EDB200F89279 /* APIServiceLocalMock.swift */; };
		062889312B31EDB200F89279 /* APIServiceLocalMock.swift in Sources */ = {isa = PBXBuildFile; fileRef = 0628892F2B31EDB200F89279 /* APIServiceLocalMock.swift */; };
		062889342B31F20600F89279 /* GetSkillsRequestMock.json in Resources */ = {isa = PBXBuildFile; fileRef = 062889332B31F20600F89279 /* GetSkillsRequestMock.json */; };
		062889352B31F20600F89279 /* GetSkillsRequestMock.json in Resources */ = {isa = PBXBuildFile; fileRef = 062889332B31F20600F89279 /* GetSkillsRequestMock.json */; };
		062889382B31F45E00F89279 /* SkillCellView.swift in Sources */ = {isa = PBXBuildFile; fileRef = 062889372B31F45E00F89279 /* SkillCellView.swift */; };
		062889392B31F45E00F89279 /* SkillCellView.swift in Sources */ = {isa = PBXBuildFile; fileRef = 062889372B31F45E00F89279 /* SkillCellView.swift */; };
		0628893B2B31F4C500F89279 /* Array+Secure.swift in Sources */ = {isa = PBXBuildFile; fileRef = 0628893A2B31F4C500F89279 /* Array+Secure.swift */; };
		0628893C2B31F4C500F89279 /* Array+Secure.swift in Sources */ = {isa = PBXBuildFile; fileRef = 0628893A2B31F4C500F89279 /* Array+Secure.swift */; };
		0628893E2B3212CA00F89279 /* Array+Numeration.swift in Sources */ = {isa = PBXBuildFile; fileRef = 0628893D2B3212CA00F89279 /* Array+Numeration.swift */; };
		0628893F2B3212CA00F89279 /* Array+Numeration.swift in Sources */ = {isa = PBXBuildFile; fileRef = 0628893D2B3212CA00F89279 /* Array+Numeration.swift */; };
		062889412B32144000F89279 /* UIConstants.swift in Sources */ = {isa = PBXBuildFile; fileRef = 062889402B32144000F89279 /* UIConstants.swift */; };
		062889422B32144000F89279 /* UIConstants.swift in Sources */ = {isa = PBXBuildFile; fileRef = 062889402B32144000F89279 /* UIConstants.swift */; };
		062889442B3214C800F89279 /* HiveView.swift in Sources */ = {isa = PBXBuildFile; fileRef = 062889432B3214C800F89279 /* HiveView.swift */; };
		062889452B3214C800F89279 /* HiveView.swift in Sources */ = {isa = PBXBuildFile; fileRef = 062889432B3214C800F89279 /* HiveView.swift */; };
		0628894A2B32214100F89279 /* SkillDetailView.swift in Sources */ = {isa = PBXBuildFile; fileRef = 062889492B32214100F89279 /* SkillDetailView.swift */; };
		0628894B2B32214100F89279 /* SkillDetailView.swift in Sources */ = {isa = PBXBuildFile; fileRef = 062889492B32214100F89279 /* SkillDetailView.swift */; };
		0638F7382B3715DA001CB008 /* DragDownModifier.swift in Sources */ = {isa = PBXBuildFile; fileRef = 0638F7372B3715DA001CB008 /* DragDownModifier.swift */; };
		0638F7392B3715DA001CB008 /* DragDownModifier.swift in Sources */ = {isa = PBXBuildFile; fileRef = 0638F7372B3715DA001CB008 /* DragDownModifier.swift */; };
		0638F73B2B3722A8001CB008 /* CoreGraphics+Utils.swift in Sources */ = {isa = PBXBuildFile; fileRef = 0638F73A2B3722A8001CB008 /* CoreGraphics+Utils.swift */; };
		0638F73C2B3722A8001CB008 /* CoreGraphics+Utils.swift in Sources */ = {isa = PBXBuildFile; fileRef = 0638F73A2B3722A8001CB008 /* CoreGraphics+Utils.swift */; };
		0638F7432B37AE6B001CB008 /* GenericRouterProtocol.swift in Sources */ = {isa = PBXBuildFile; fileRef = 0638F7422B37AE6B001CB008 /* GenericRouterProtocol.swift */; };
		0638F7442B37AE6B001CB008 /* GenericRouterProtocol.swift in Sources */ = {isa = PBXBuildFile; fileRef = 0638F7422B37AE6B001CB008 /* GenericRouterProtocol.swift */; };
		0638F7462B37AE8C001CB008 /* GenericScenePresenter.swift in Sources */ = {isa = PBXBuildFile; fileRef = 0638F7452B37AE8C001CB008 /* GenericScenePresenter.swift */; };
		0638F7472B37AE8C001CB008 /* GenericScenePresenter.swift in Sources */ = {isa = PBXBuildFile; fileRef = 0638F7452B37AE8C001CB008 /* GenericScenePresenter.swift */; };
		064530232B20B55700E7880D /* Array+Comparable.swift in Sources */ = {isa = PBXBuildFile; fileRef = 064530222B20B55700E7880D /* Array+Comparable.swift */; };
		064530242B20B55700E7880D /* Array+Comparable.swift in Sources */ = {isa = PBXBuildFile; fileRef = 064530222B20B55700E7880D /* Array+Comparable.swift */; };
		064530272B20B58700E7880D /* View+Navigation.swift in Sources */ = {isa = PBXBuildFile; fileRef = 064530262B20B58700E7880D /* View+Navigation.swift */; };
		064530282B20B58700E7880D /* View+Navigation.swift in Sources */ = {isa = PBXBuildFile; fileRef = 064530262B20B58700E7880D /* View+Navigation.swift */; };
		0645302B2B20E04100E7880D /* IdentifiableEquatable.swift in Sources */ = {isa = PBXBuildFile; fileRef = 0645302A2B20E04100E7880D /* IdentifiableEquatable.swift */; };
		0645302C2B20E04100E7880D /* IdentifiableEquatable.swift in Sources */ = {isa = PBXBuildFile; fileRef = 0645302A2B20E04100E7880D /* IdentifiableEquatable.swift */; };
		0645302E2B20E54400E7880D /* CoreGraphics+Comparison.swift in Sources */ = {isa = PBXBuildFile; fileRef = 0645302D2B20E54400E7880D /* CoreGraphics+Comparison.swift */; };
		0645302F2B20E54400E7880D /* CoreGraphics+Comparison.swift in Sources */ = {isa = PBXBuildFile; fileRef = 0645302D2B20E54400E7880D /* CoreGraphics+Comparison.swift */; };
		064530322B2102FA00E7880D /* HiveDistributor.swift in Sources */ = {isa = PBXBuildFile; fileRef = 064530312B2102FA00E7880D /* HiveDistributor.swift */; };
		064530332B2102FA00E7880D /* HiveDistributor.swift in Sources */ = {isa = PBXBuildFile; fileRef = 064530312B2102FA00E7880D /* HiveDistributor.swift */; };
		064530352B21033F00E7880D /* DistributorProtocol.swift in Sources */ = {isa = PBXBuildFile; fileRef = 064530342B21033F00E7880D /* DistributorProtocol.swift */; };
		064530362B21033F00E7880D /* DistributorProtocol.swift in Sources */ = {isa = PBXBuildFile; fileRef = 064530342B21033F00E7880D /* DistributorProtocol.swift */; };
		064530382B2124A100E7880D /* View+Frame.swift in Sources */ = {isa = PBXBuildFile; fileRef = 064530372B2124A100E7880D /* View+Frame.swift */; };
		064530392B2124A100E7880D /* View+Frame.swift in Sources */ = {isa = PBXBuildFile; fileRef = 064530372B2124A100E7880D /* View+Frame.swift */; };
		068411C42B232EFC00CDC7B7 /* ROBOTO-REGULAR.TTF in Resources */ = {isa = PBXBuildFile; fileRef = 068411C32B232EFC00CDC7B7 /* ROBOTO-REGULAR.TTF */; };
		068411C52B232EFC00CDC7B7 /* ROBOTO-REGULAR.TTF in Resources */ = {isa = PBXBuildFile; fileRef = 068411C32B232EFC00CDC7B7 /* ROBOTO-REGULAR.TTF */; };
		06B186BC2B1E27EA005BEA60 /* ParallaxModifier.swift in Sources */ = {isa = PBXBuildFile; fileRef = 06B186BB2B1E27EA005BEA60 /* ParallaxModifier.swift */; };
		06B186BD2B1E27EA005BEA60 /* ParallaxModifier.swift in Sources */ = {isa = PBXBuildFile; fileRef = 06B186BB2B1E27EA005BEA60 /* ParallaxModifier.swift */; };
		06C0AD4E2B1E3E380003249B /* Localizables.strings in Resources */ = {isa = PBXBuildFile; fileRef = 06C0AD512B1E3E380003249B /* Localizables.strings */; };
		06C0AD4F2B1E3E380003249B /* Localizables.strings in Resources */ = {isa = PBXBuildFile; fileRef = 06C0AD512B1E3E380003249B /* Localizables.strings */; };
		06C0AD552B1E3F6F0003249B /* Montserrat.ttf in Resources */ = {isa = PBXBuildFile; fileRef = 06C0AD542B1E3F6F0003249B /* Montserrat.ttf */; };
		06C0AD562B1E3F6F0003249B /* Montserrat.ttf in Resources */ = {isa = PBXBuildFile; fileRef = 06C0AD542B1E3F6F0003249B /* Montserrat.ttf */; };
		06C0AD582B1E400C0003249B /* Fonts.swift in Sources */ = {isa = PBXBuildFile; fileRef = 06C0AD572B1E400C0003249B /* Fonts.swift */; };
		06C0AD592B1E400C0003249B /* Fonts.swift in Sources */ = {isa = PBXBuildFile; fileRef = 06C0AD572B1E400C0003249B /* Fonts.swift */; };
		06C0AD5C2B1E40430003249B /* TextStyle.swift in Sources */ = {isa = PBXBuildFile; fileRef = 06C0AD5B2B1E40430003249B /* TextStyle.swift */; };
		06C0AD5D2B1E40430003249B /* TextStyle.swift in Sources */ = {isa = PBXBuildFile; fileRef = 06C0AD5B2B1E40430003249B /* TextStyle.swift */; };
		06C0AD5F2B1E40D10003249B /* TextStyleModifier.swift in Sources */ = {isa = PBXBuildFile; fileRef = 06C0AD5E2B1E40D10003249B /* TextStyleModifier.swift */; };
		06C0AD602B1E40D10003249B /* TextStyleModifier.swift in Sources */ = {isa = PBXBuildFile; fileRef = 06C0AD5E2B1E40D10003249B /* TextStyleModifier.swift */; };
		06C0AD642B1E451A0003249B /* LottieView.swift in Sources */ = {isa = PBXBuildFile; fileRef = 06C0AD632B1E451A0003249B /* LottieView.swift */; };
		06C0AD652B1E451A0003249B /* LottieView.swift in Sources */ = {isa = PBXBuildFile; fileRef = 06C0AD632B1E451A0003249B /* LottieView.swift */; };
		06C0AD682B1E454C0003249B /* Lottie in Frameworks */ = {isa = PBXBuildFile; productRef = 06C0AD672B1E454C0003249B /* Lottie */; };
		06C0AD6B2B1E45A50003249B /* drag_up.json in Resources */ = {isa = PBXBuildFile; fileRef = 06C0AD6A2B1E45A50003249B /* drag_up.json */; };
		06C0AD6C2B1E45A50003249B /* drag_up.json in Resources */ = {isa = PBXBuildFile; fileRef = 06C0AD6A2B1E45A50003249B /* drag_up.json */; };
		06C0AD6E2B1E45C10003249B /* Lotties.swift in Sources */ = {isa = PBXBuildFile; fileRef = 06C0AD6D2B1E45C10003249B /* Lotties.swift */; };
		06C0AD6F2B1E45C10003249B /* Lotties.swift in Sources */ = {isa = PBXBuildFile; fileRef = 06C0AD6D2B1E45C10003249B /* Lotties.swift */; };
		06C0AD712B1E8C7E0003249B /* GestureRouterModifier.swift in Sources */ = {isa = PBXBuildFile; fileRef = 06C0AD702B1E8C7E0003249B /* GestureRouterModifier.swift */; };
		06C0AD722B1E8C7E0003249B /* GestureRouterModifier.swift in Sources */ = {isa = PBXBuildFile; fileRef = 06C0AD702B1E8C7E0003249B /* GestureRouterModifier.swift */; };
		06C0AD752B1E8DFE0003249B /* Callbacks+Aliases.swift in Sources */ = {isa = PBXBuildFile; fileRef = 06C0AD742B1E8DFE0003249B /* Callbacks+Aliases.swift */; };
		06C0AD762B1E8DFE0003249B /* Callbacks+Aliases.swift in Sources */ = {isa = PBXBuildFile; fileRef = 06C0AD742B1E8DFE0003249B /* Callbacks+Aliases.swift */; };
		06EBC4222B386D4E00BECF6D /* ClientsSceneInteractor.swift in Sources */ = {isa = PBXBuildFile; fileRef = 06EBC41D2B386D4E00BECF6D /* ClientsSceneInteractor.swift */; };
		06EBC4232B386D4E00BECF6D /* ClientsSceneFactory.swift in Sources */ = {isa = PBXBuildFile; fileRef = 06EBC41E2B386D4E00BECF6D /* ClientsSceneFactory.swift */; };
		06EBC4242B386D4E00BECF6D /* ClientsScenePresenter.swift in Sources */ = {isa = PBXBuildFile; fileRef = 06EBC41F2B386D4E00BECF6D /* ClientsScenePresenter.swift */; };
		06EBC4252B386D4E00BECF6D /* ClientsSceneRouter.swift in Sources */ = {isa = PBXBuildFile; fileRef = 06EBC4202B386D4E00BECF6D /* ClientsSceneRouter.swift */; };
		06EBC4262B386D4E00BECF6D /* ClientsSceneView.swift in Sources */ = {isa = PBXBuildFile; fileRef = 06EBC4212B386D4E00BECF6D /* ClientsSceneView.swift */; };
		06EBC4282B38A35300BECF6D /* AnimatedBorderView.swift in Sources */ = {isa = PBXBuildFile; fileRef = 06EBC4272B38A35300BECF6D /* AnimatedBorderView.swift */; };
/* End PBXBuildFile section */

/* Begin PBXContainerItemProxy section */
		0611FD502B0A9FBC008A6CDE /* PBXContainerItemProxy */ = {
			isa = PBXContainerItemProxy;
			containerPortal = 0611FD362B0A9FBC008A6CDE /* Project object */;
			proxyType = 1;
			remoteGlobalIDString = 0611FD3D2B0A9FBC008A6CDE;
			remoteInfo = Portfolio;
		};
		0611FD5A2B0A9FBC008A6CDE /* PBXContainerItemProxy */ = {
			isa = PBXContainerItemProxy;
			containerPortal = 0611FD362B0A9FBC008A6CDE /* Project object */;
			proxyType = 1;
			remoteGlobalIDString = 0611FD3D2B0A9FBC008A6CDE;
			remoteInfo = Portfolio;
		};
/* End PBXContainerItemProxy section */

/* Begin PBXFileReference section */
		0611FD3E2B0A9FBC008A6CDE /* Portfolio.app */ = {isa = PBXFileReference; explicitFileType = wrapper.application; includeInIndex = 0; path = Portfolio.app; sourceTree = BUILT_PRODUCTS_DIR; };
		0611FD412B0A9FBC008A6CDE /* PortfolioApp.swift */ = {isa = PBXFileReference; lastKnownFileType = sourcecode.swift; path = PortfolioApp.swift; sourceTree = "<group>"; };
		0611FD452B0A9FBC008A6CDE /* Assets.xcassets */ = {isa = PBXFileReference; lastKnownFileType = folder.assetcatalog; path = Assets.xcassets; sourceTree = "<group>"; };
		0611FD4A2B0A9FBC008A6CDE /* Portfolio.entitlements */ = {isa = PBXFileReference; lastKnownFileType = text.plist.entitlements; path = Portfolio.entitlements; sourceTree = "<group>"; };
		0611FD4F2B0A9FBC008A6CDE /* PortfolioTests.xctest */ = {isa = PBXFileReference; explicitFileType = wrapper.cfbundle; includeInIndex = 0; path = PortfolioTests.xctest; sourceTree = BUILT_PRODUCTS_DIR; };
		0611FD532B0A9FBC008A6CDE /* PortfolioTests.swift */ = {isa = PBXFileReference; lastKnownFileType = sourcecode.swift; path = PortfolioTests.swift; sourceTree = "<group>"; };
		0611FD592B0A9FBC008A6CDE /* PortfolioUITests.xctest */ = {isa = PBXFileReference; explicitFileType = wrapper.cfbundle; includeInIndex = 0; path = PortfolioUITests.xctest; sourceTree = BUILT_PRODUCTS_DIR; };
		0611FD5D2B0A9FBC008A6CDE /* PortfolioUITests.swift */ = {isa = PBXFileReference; lastKnownFileType = sourcecode.swift; path = PortfolioUITests.swift; sourceTree = "<group>"; };
		0611FD5F2B0A9FBC008A6CDE /* PortfolioUITestsLaunchTests.swift */ = {isa = PBXFileReference; lastKnownFileType = sourcecode.swift; path = PortfolioUITestsLaunchTests.swift; sourceTree = "<group>"; };
		0611FDCC2B0AA075008A6CDE /* ServicesInjector.swift */ = {isa = PBXFileReference; lastKnownFileType = sourcecode.swift; path = ServicesInjector.swift; sourceTree = "<group>"; };
		0611FDD92B0AA2D5008A6CDE /* ColorScheme.xcassets */ = {isa = PBXFileReference; lastKnownFileType = folder.assetcatalog; path = ColorScheme.xcassets; sourceTree = "<group>"; };
		0611FDDC2B0AA3D8008A6CDE /* ColorScheme.swift */ = {isa = PBXFileReference; fileEncoding = 4; lastKnownFileType = sourcecode.swift; path = ColorScheme.swift; sourceTree = "<group>"; };
		0611FDE02B0AA4A5008A6CDE /* AboutSceneView.swift */ = {isa = PBXFileReference; fileEncoding = 4; lastKnownFileType = sourcecode.swift; path = AboutSceneView.swift; sourceTree = "<group>"; };
		0611FDE12B0AA4A5008A6CDE /* AboutSceneFactory.swift */ = {isa = PBXFileReference; fileEncoding = 4; lastKnownFileType = sourcecode.swift; path = AboutSceneFactory.swift; sourceTree = "<group>"; };
		0611FDE22B0AA4A5008A6CDE /* AboutSceneRouter.swift */ = {isa = PBXFileReference; fileEncoding = 4; lastKnownFileType = sourcecode.swift; path = AboutSceneRouter.swift; sourceTree = "<group>"; };
		0611FDE62B0AA4A5008A6CDE /* ContactScenePresenter.swift */ = {isa = PBXFileReference; fileEncoding = 4; lastKnownFileType = sourcecode.swift; path = ContactScenePresenter.swift; sourceTree = "<group>"; };
		0611FDE72B0AA4A5008A6CDE /* ContactSceneInteractor.swift */ = {isa = PBXFileReference; fileEncoding = 4; lastKnownFileType = sourcecode.swift; path = ContactSceneInteractor.swift; sourceTree = "<group>"; };
		0611FDE82B0AA4A5008A6CDE /* ContactSceneRouter.swift */ = {isa = PBXFileReference; fileEncoding = 4; lastKnownFileType = sourcecode.swift; path = ContactSceneRouter.swift; sourceTree = "<group>"; };
		0611FDE92B0AA4A5008A6CDE /* ContactSceneFactory.swift */ = {isa = PBXFileReference; fileEncoding = 4; lastKnownFileType = sourcecode.swift; path = ContactSceneFactory.swift; sourceTree = "<group>"; };
		0611FDEA2B0AA4A5008A6CDE /* ContactSceneView.swift */ = {isa = PBXFileReference; fileEncoding = 4; lastKnownFileType = sourcecode.swift; path = ContactSceneView.swift; sourceTree = "<group>"; };
		0611FDEC2B0AA4A5008A6CDE /* NavigationWrapperView.swift */ = {isa = PBXFileReference; fileEncoding = 4; lastKnownFileType = sourcecode.swift; path = NavigationWrapperView.swift; sourceTree = "<group>"; };
		0611FDED2B0AA4A5008A6CDE /* NavigationCoordinator.swift */ = {isa = PBXFileReference; fileEncoding = 4; lastKnownFileType = sourcecode.swift; path = NavigationCoordinator.swift; sourceTree = "<group>"; };
		0611FDEE2B0AA4A5008A6CDE /* Factory.swift */ = {isa = PBXFileReference; fileEncoding = 4; lastKnownFileType = sourcecode.swift; path = Factory.swift; sourceTree = "<group>"; };
		0611FDF02B0AA4A5008A6CDE /* SkillsScenePresenter.swift */ = {isa = PBXFileReference; fileEncoding = 4; lastKnownFileType = sourcecode.swift; path = SkillsScenePresenter.swift; sourceTree = "<group>"; };
		0611FDF12B0AA4A5008A6CDE /* SkillsSceneFactory.swift */ = {isa = PBXFileReference; fileEncoding = 4; lastKnownFileType = sourcecode.swift; path = SkillsSceneFactory.swift; sourceTree = "<group>"; };
		0611FDF22B0AA4A5008A6CDE /* SkillsSceneInteractor.swift */ = {isa = PBXFileReference; fileEncoding = 4; lastKnownFileType = sourcecode.swift; path = SkillsSceneInteractor.swift; sourceTree = "<group>"; };
		0611FDF32B0AA4A5008A6CDE /* SkillsSceneView.swift */ = {isa = PBXFileReference; fileEncoding = 4; lastKnownFileType = sourcecode.swift; path = SkillsSceneView.swift; sourceTree = "<group>"; };
		0611FDF42B0AA4A5008A6CDE /* SkillsSceneRouter.swift */ = {isa = PBXFileReference; fileEncoding = 4; lastKnownFileType = sourcecode.swift; path = SkillsSceneRouter.swift; sourceTree = "<group>"; };
		0611FDF62B0AA4A5008A6CDE /* MainSceneView.swift */ = {isa = PBXFileReference; fileEncoding = 4; lastKnownFileType = sourcecode.swift; path = MainSceneView.swift; sourceTree = "<group>"; };
		0611FDF72B0AA4A5008A6CDE /* MainSceneRouter.swift */ = {isa = PBXFileReference; fileEncoding = 4; lastKnownFileType = sourcecode.swift; path = MainSceneRouter.swift; sourceTree = "<group>"; };
		0611FDF82B0AA4A5008A6CDE /* MainSceneFactory.swift */ = {isa = PBXFileReference; fileEncoding = 4; lastKnownFileType = sourcecode.swift; path = MainSceneFactory.swift; sourceTree = "<group>"; };
		0611FE3D2B0AA616008A6CDE /* Localizables.swift */ = {isa = PBXFileReference; lastKnownFileType = sourcecode.swift; path = Localizables.swift; sourceTree = "<group>"; };
		0611FE402B0AA634008A6CDE /* Icons.xcassets */ = {isa = PBXFileReference; lastKnownFileType = folder.assetcatalog; path = Icons.xcassets; sourceTree = "<group>"; };
		0611FE432B0AA63A008A6CDE /* Icons.swift */ = {isa = PBXFileReference; lastKnownFileType = sourcecode.swift; path = Icons.swift; sourceTree = "<group>"; };
		0611FE492B0AA802008A6CDE /* LaunchScreen.storyboard */ = {isa = PBXFileReference; lastKnownFileType = file.storyboard; path = LaunchScreen.storyboard; sourceTree = "<group>"; };
		0611FE4C2B0AA852008A6CDE /* Info.plist */ = {isa = PBXFileReference; lastKnownFileType = text.plist; path = Info.plist; sourceTree = "<group>"; };
		0611FE4F2B0AADF2008A6CDE /* NgonShape.swift */ = {isa = PBXFileReference; lastKnownFileType = sourcecode.swift; path = NgonShape.swift; sourceTree = "<group>"; };
		0611FE522B0AB86D008A6CDE /* CoreGraphics+Init.swift */ = {isa = PBXFileReference; lastKnownFileType = sourcecode.swift; path = "CoreGraphics+Init.swift"; sourceTree = "<group>"; };
		0611FE562B0AB88E008A6CDE /* CoreGraphics+Operators.swift */ = {isa = PBXFileReference; lastKnownFileType = sourcecode.swift; path = "CoreGraphics+Operators.swift"; sourceTree = "<group>"; };
		062889062B31E6AB00F89279 /* SkillEntity.swift */ = {isa = PBXFileReference; lastKnownFileType = sourcecode.swift; path = SkillEntity.swift; sourceTree = "<group>"; };
		062889092B31E71900F89279 /* NetworkWrapper.swift */ = {isa = PBXFileReference; lastKnownFileType = sourcecode.swift; path = NetworkWrapper.swift; sourceTree = "<group>"; };
		0628890C2B31E73100F89279 /* NetworkDecoder.swift */ = {isa = PBXFileReference; lastKnownFileType = sourcecode.swift; path = NetworkDecoder.swift; sourceTree = "<group>"; };
		062889142B31E7B200F89279 /* APIService.swift */ = {isa = PBXFileReference; lastKnownFileType = sourcecode.swift; path = APIService.swift; sourceTree = "<group>"; };
		062889182B31E7F900F89279 /* BaseRequest.swift */ = {isa = PBXFileReference; lastKnownFileType = sourcecode.swift; path = BaseRequest.swift; sourceTree = "<group>"; };
		0628891B2B31E88E00F89279 /* APIError.swift */ = {isa = PBXFileReference; lastKnownFileType = sourcecode.swift; path = APIError.swift; sourceTree = "<group>"; };
		0628891F2B31EB0200F89279 /* Date+Formatter.swift */ = {isa = PBXFileReference; lastKnownFileType = sourcecode.swift; path = "Date+Formatter.swift"; sourceTree = "<group>"; };
		062889222B31EBF500F89279 /* AppConstants.swift */ = {isa = PBXFileReference; lastKnownFileType = sourcecode.swift; path = AppConstants.swift; sourceTree = "<group>"; };
		062889272B31EC7B00F89279 /* GetSkillsRequest.swift */ = {isa = PBXFileReference; lastKnownFileType = sourcecode.swift; path = GetSkillsRequest.swift; sourceTree = "<group>"; };
		0628892C2B31ED2F00F89279 /* GetSkillsResponse.swift */ = {isa = PBXFileReference; lastKnownFileType = sourcecode.swift; path = GetSkillsResponse.swift; sourceTree = "<group>"; };
		0628892F2B31EDB200F89279 /* APIServiceLocalMock.swift */ = {isa = PBXFileReference; lastKnownFileType = sourcecode.swift; path = APIServiceLocalMock.swift; sourceTree = "<group>"; };
		062889332B31F20600F89279 /* GetSkillsRequestMock.json */ = {isa = PBXFileReference; fileEncoding = 4; lastKnownFileType = text.json; path = GetSkillsRequestMock.json; sourceTree = "<group>"; };
		062889372B31F45E00F89279 /* SkillCellView.swift */ = {isa = PBXFileReference; lastKnownFileType = sourcecode.swift; path = SkillCellView.swift; sourceTree = "<group>"; };
		0628893A2B31F4C500F89279 /* Array+Secure.swift */ = {isa = PBXFileReference; lastKnownFileType = sourcecode.swift; path = "Array+Secure.swift"; sourceTree = "<group>"; };
		0628893D2B3212CA00F89279 /* Array+Numeration.swift */ = {isa = PBXFileReference; lastKnownFileType = sourcecode.swift; path = "Array+Numeration.swift"; sourceTree = "<group>"; };
		062889402B32144000F89279 /* UIConstants.swift */ = {isa = PBXFileReference; lastKnownFileType = sourcecode.swift; path = UIConstants.swift; sourceTree = "<group>"; };
		062889432B3214C800F89279 /* HiveView.swift */ = {isa = PBXFileReference; lastKnownFileType = sourcecode.swift; path = HiveView.swift; sourceTree = "<group>"; };
		062889492B32214100F89279 /* SkillDetailView.swift */ = {isa = PBXFileReference; lastKnownFileType = sourcecode.swift; path = SkillDetailView.swift; sourceTree = "<group>"; };
		0638F7372B3715DA001CB008 /* DragDownModifier.swift */ = {isa = PBXFileReference; lastKnownFileType = sourcecode.swift; path = DragDownModifier.swift; sourceTree = "<group>"; };
		0638F73A2B3722A8001CB008 /* CoreGraphics+Utils.swift */ = {isa = PBXFileReference; lastKnownFileType = sourcecode.swift; path = "CoreGraphics+Utils.swift"; sourceTree = "<group>"; };
		0638F7422B37AE6B001CB008 /* GenericRouterProtocol.swift */ = {isa = PBXFileReference; lastKnownFileType = sourcecode.swift; path = GenericRouterProtocol.swift; sourceTree = "<group>"; };
		0638F7452B37AE8C001CB008 /* GenericScenePresenter.swift */ = {isa = PBXFileReference; lastKnownFileType = sourcecode.swift; path = GenericScenePresenter.swift; sourceTree = "<group>"; };
		064530222B20B55700E7880D /* Array+Comparable.swift */ = {isa = PBXFileReference; lastKnownFileType = sourcecode.swift; path = "Array+Comparable.swift"; sourceTree = "<group>"; };
		064530262B20B58700E7880D /* View+Navigation.swift */ = {isa = PBXFileReference; lastKnownFileType = sourcecode.swift; path = "View+Navigation.swift"; sourceTree = "<group>"; };
		0645302A2B20E04100E7880D /* IdentifiableEquatable.swift */ = {isa = PBXFileReference; lastKnownFileType = sourcecode.swift; path = IdentifiableEquatable.swift; sourceTree = "<group>"; };
		0645302D2B20E54400E7880D /* CoreGraphics+Comparison.swift */ = {isa = PBXFileReference; lastKnownFileType = sourcecode.swift; path = "CoreGraphics+Comparison.swift"; sourceTree = "<group>"; };
		064530312B2102FA00E7880D /* HiveDistributor.swift */ = {isa = PBXFileReference; lastKnownFileType = sourcecode.swift; path = HiveDistributor.swift; sourceTree = "<group>"; };
		064530342B21033F00E7880D /* DistributorProtocol.swift */ = {isa = PBXFileReference; lastKnownFileType = sourcecode.swift; path = DistributorProtocol.swift; sourceTree = "<group>"; };
		064530372B2124A100E7880D /* View+Frame.swift */ = {isa = PBXFileReference; lastKnownFileType = sourcecode.swift; path = "View+Frame.swift"; sourceTree = "<group>"; };
		068411C32B232EFC00CDC7B7 /* ROBOTO-REGULAR.TTF */ = {isa = PBXFileReference; lastKnownFileType = file; path = "ROBOTO-REGULAR.TTF"; sourceTree = "<group>"; };
		06B186BB2B1E27EA005BEA60 /* ParallaxModifier.swift */ = {isa = PBXFileReference; lastKnownFileType = sourcecode.swift; path = ParallaxModifier.swift; sourceTree = "<group>"; };
		06C0AD502B1E3E380003249B /* en */ = {isa = PBXFileReference; lastKnownFileType = text.plist.strings; name = en; path = en.lproj/Localizables.strings; sourceTree = "<group>"; };
		06C0AD522B1E3EB00003249B /* es */ = {isa = PBXFileReference; lastKnownFileType = text.plist.strings; name = es; path = es.lproj/Localizables.strings; sourceTree = "<group>"; };
		06C0AD542B1E3F6F0003249B /* Montserrat.ttf */ = {isa = PBXFileReference; lastKnownFileType = file; path = Montserrat.ttf; sourceTree = "<group>"; };
		06C0AD572B1E400C0003249B /* Fonts.swift */ = {isa = PBXFileReference; lastKnownFileType = sourcecode.swift; path = Fonts.swift; sourceTree = "<group>"; };
		06C0AD5B2B1E40430003249B /* TextStyle.swift */ = {isa = PBXFileReference; lastKnownFileType = sourcecode.swift; path = TextStyle.swift; sourceTree = "<group>"; };
		06C0AD5E2B1E40D10003249B /* TextStyleModifier.swift */ = {isa = PBXFileReference; lastKnownFileType = sourcecode.swift; path = TextStyleModifier.swift; sourceTree = "<group>"; };
		06C0AD632B1E451A0003249B /* LottieView.swift */ = {isa = PBXFileReference; lastKnownFileType = sourcecode.swift; path = LottieView.swift; sourceTree = "<group>"; };
		06C0AD6A2B1E45A50003249B /* drag_up.json */ = {isa = PBXFileReference; fileEncoding = 4; lastKnownFileType = text.json; path = drag_up.json; sourceTree = "<group>"; };
		06C0AD6D2B1E45C10003249B /* Lotties.swift */ = {isa = PBXFileReference; lastKnownFileType = sourcecode.swift; path = Lotties.swift; sourceTree = "<group>"; };
		06C0AD702B1E8C7E0003249B /* GestureRouterModifier.swift */ = {isa = PBXFileReference; lastKnownFileType = sourcecode.swift; path = GestureRouterModifier.swift; sourceTree = "<group>"; };
		06C0AD742B1E8DFE0003249B /* Callbacks+Aliases.swift */ = {isa = PBXFileReference; lastKnownFileType = sourcecode.swift; path = "Callbacks+Aliases.swift"; sourceTree = "<group>"; };
		06EBC41D2B386D4E00BECF6D /* ClientsSceneInteractor.swift */ = {isa = PBXFileReference; fileEncoding = 4; lastKnownFileType = sourcecode.swift; path = ClientsSceneInteractor.swift; sourceTree = "<group>"; };
		06EBC41E2B386D4E00BECF6D /* ClientsSceneFactory.swift */ = {isa = PBXFileReference; fileEncoding = 4; lastKnownFileType = sourcecode.swift; path = ClientsSceneFactory.swift; sourceTree = "<group>"; };
		06EBC41F2B386D4E00BECF6D /* ClientsScenePresenter.swift */ = {isa = PBXFileReference; fileEncoding = 4; lastKnownFileType = sourcecode.swift; path = ClientsScenePresenter.swift; sourceTree = "<group>"; };
		06EBC4202B386D4E00BECF6D /* ClientsSceneRouter.swift */ = {isa = PBXFileReference; fileEncoding = 4; lastKnownFileType = sourcecode.swift; path = ClientsSceneRouter.swift; sourceTree = "<group>"; };
		06EBC4212B386D4E00BECF6D /* ClientsSceneView.swift */ = {isa = PBXFileReference; fileEncoding = 4; lastKnownFileType = sourcecode.swift; path = ClientsSceneView.swift; sourceTree = "<group>"; };
		06EBC4272B38A35300BECF6D /* AnimatedBorderView.swift */ = {isa = PBXFileReference; lastKnownFileType = sourcecode.swift; path = AnimatedBorderView.swift; sourceTree = "<group>"; };
/* End PBXFileReference section */

/* Begin PBXFrameworksBuildPhase section */
		0611FD3B2B0A9FBC008A6CDE /* Frameworks */ = {
			isa = PBXFrameworksBuildPhase;
			buildActionMask = 2147483647;
			files = (
				06C0AD682B1E454C0003249B /* Lottie in Frameworks */,
				062889112B31E77300F89279 /* Alamofire in Frameworks */,
			);
			runOnlyForDeploymentPostprocessing = 0;
		};
		0611FD4C2B0A9FBC008A6CDE /* Frameworks */ = {
			isa = PBXFrameworksBuildPhase;
			buildActionMask = 2147483647;
			files = (
			);
			runOnlyForDeploymentPostprocessing = 0;
		};
		0611FD562B0A9FBC008A6CDE /* Frameworks */ = {
			isa = PBXFrameworksBuildPhase;
			buildActionMask = 2147483647;
			files = (
			);
			runOnlyForDeploymentPostprocessing = 0;
		};
/* End PBXFrameworksBuildPhase section */

/* Begin PBXGroup section */
		0611FD352B0A9FBC008A6CDE = {
			isa = PBXGroup;
			children = (
				0611FD402B0A9FBC008A6CDE /* Portfolio */,
				0611FD522B0A9FBC008A6CDE /* PortfolioTests */,
				0611FD5C2B0A9FBC008A6CDE /* PortfolioUITests */,
				0611FD3F2B0A9FBC008A6CDE /* Products */,
			);
			sourceTree = "<group>";
		};
		0611FD3F2B0A9FBC008A6CDE /* Products */ = {
			isa = PBXGroup;
			children = (
				0611FD3E2B0A9FBC008A6CDE /* Portfolio.app */,
				0611FD4F2B0A9FBC008A6CDE /* PortfolioTests.xctest */,
				0611FD592B0A9FBC008A6CDE /* PortfolioUITests.xctest */,
			);
			name = Products;
			sourceTree = "<group>";
		};
		0611FD402B0A9FBC008A6CDE /* Portfolio */ = {
			isa = PBXGroup;
			children = (
				0611FE4C2B0AA852008A6CDE /* Info.plist */,
				0611FD952B0AA024008A6CDE /* res */,
				0611FD6C2B0AA024008A6CDE /* src */,
				0611FD412B0A9FBC008A6CDE /* PortfolioApp.swift */,
				0611FD4A2B0A9FBC008A6CDE /* Portfolio.entitlements */,
			);
			path = Portfolio;
			sourceTree = "<group>";
		};
		0611FD522B0A9FBC008A6CDE /* PortfolioTests */ = {
			isa = PBXGroup;
			children = (
				0611FD532B0A9FBC008A6CDE /* PortfolioTests.swift */,
			);
			path = PortfolioTests;
			sourceTree = "<group>";
		};
		0611FD5C2B0A9FBC008A6CDE /* PortfolioUITests */ = {
			isa = PBXGroup;
			children = (
				0611FD5D2B0A9FBC008A6CDE /* PortfolioUITests.swift */,
				0611FD5F2B0A9FBC008A6CDE /* PortfolioUITestsLaunchTests.swift */,
			);
			path = PortfolioUITests;
			sourceTree = "<group>";
		};
		0611FD6C2B0AA024008A6CDE /* src */ = {
			isa = PBXGroup;
			children = (
				0611FD8F2B0AA024008A6CDE /* core */,
				0611FD6D2B0AA024008A6CDE /* ui */,
			);
			path = src;
			sourceTree = "<group>";
		};
		0611FD6D2B0AA024008A6CDE /* ui */ = {
			isa = PBXGroup;
			children = (
				06B186BA2B1E27DD005BEA60 /* modifiers */,
				0611FE4E2B0AADD6008A6CDE /* shapes */,
				0611FD8E2B0AA024008A6CDE /* views */,
				0611FD6E2B0AA024008A6CDE /* scenes */,
			);
			path = ui;
			sourceTree = "<group>";
		};
		0611FD6E2B0AA024008A6CDE /* scenes */ = {
			isa = PBXGroup;
			children = (
				0638F7412B37AE58001CB008 /* generic */,
				06EBC41C2B386B9E00BECF6D /* clients */,
				0611FDDF2B0AA4A5008A6CDE /* about */,
				0611FDE52B0AA4A5008A6CDE /* contact */,
				0611FDEF2B0AA4A5008A6CDE /* skills */,
				0611FDF52B0AA4A5008A6CDE /* main */,
			);
			path = scenes;
			sourceTree = "<group>";
		};
		0611FD8E2B0AA024008A6CDE /* views */ = {
			isa = PBXGroup;
			children = (
				06C0AD622B1E450B0003249B /* generic */,
			);
			path = views;
			sourceTree = "<group>";
		};
		0611FD8F2B0AA024008A6CDE /* core */ = {
			isa = PBXGroup;
			children = (
				0611FD902B0AA024008A6CDE /* network */,
				0611FD912B0AA024008A6CDE /* utils */,
				0611FD932B0AA024008A6CDE /* extensions */,
				0611FD942B0AA024008A6CDE /* model */,
			);
			path = core;
			sourceTree = "<group>";
		};
		0611FD902B0AA024008A6CDE /* network */ = {
			isa = PBXGroup;
			children = (
				0628892A2B31ECD100F89279 /* response */,
				062889172B31E7EF00F89279 /* request */,
				062889092B31E71900F89279 /* NetworkWrapper.swift */,
				0628890C2B31E73100F89279 /* NetworkDecoder.swift */,
			);
			path = network;
			sourceTree = "<group>";
		};
		0611FD912B0AA024008A6CDE /* utils */ = {
			isa = PBXGroup;
			children = (
				064530302B2102DA00E7880D /* distributor */,
				064530292B20E03700E7880D /* protocols */,
				06C0AD732B1E8DEA0003249B /* aliases */,
				06C0AD5A2B1E40390003249B /* enums */,
				0611FE4D2B0AA890008A6CDE /* navigation */,
				0611FD922B0AA024008A6CDE /* services */,
				062889222B31EBF500F89279 /* AppConstants.swift */,
				062889402B32144000F89279 /* UIConstants.swift */,
			);
			path = utils;
			sourceTree = "<group>";
		};
		0611FD922B0AA024008A6CDE /* services */ = {
			isa = PBXGroup;
			children = (
				062889122B31E78700F89279 /* mocks */,
				062889132B31E7A700F89279 /* api */,
				0611FDCC2B0AA075008A6CDE /* ServicesInjector.swift */,
			);
			path = services;
			sourceTree = "<group>";
		};
		0611FD932B0AA024008A6CDE /* extensions */ = {
			isa = PBXGroup;
			children = (
				0628891E2B31EAF800F89279 /* date */,
				064530252B20B57A00E7880D /* view */,
				064530212B20B54900E7880D /* array */,
				0611FE552B0AB873008A6CDE /* graphics */,
			);
			path = extensions;
			sourceTree = "<group>";
		};
		0611FD942B0AA024008A6CDE /* model */ = {
			isa = PBXGroup;
			children = (
				062889062B31E6AB00F89279 /* SkillEntity.swift */,
			);
			path = model;
			sourceTree = "<group>";
		};
		0611FD952B0AA024008A6CDE /* res */ = {
			isa = PBXGroup;
			children = (
				0611FD452B0A9FBC008A6CDE /* Assets.xcassets */,
				06C0AD692B1E45740003249B /* lotties */,
				06C0AD532B1E3F6F0003249B /* fonts */,
				0611FD962B0AA024008A6CDE /* localizables */,
				0611FD972B0AA024008A6CDE /* colors */,
				0611FD982B0AA024008A6CDE /* icons */,
			);
			path = res;
			sourceTree = "<group>";
		};
		0611FD962B0AA024008A6CDE /* localizables */ = {
			isa = PBXGroup;
			children = (
				06C0AD512B1E3E380003249B /* Localizables.strings */,
				0611FE3D2B0AA616008A6CDE /* Localizables.swift */,
			);
			path = localizables;
			sourceTree = "<group>";
		};
		0611FD972B0AA024008A6CDE /* colors */ = {
			isa = PBXGroup;
			children = (
				0611FDD92B0AA2D5008A6CDE /* ColorScheme.xcassets */,
				0611FDDC2B0AA3D8008A6CDE /* ColorScheme.swift */,
			);
			path = colors;
			sourceTree = "<group>";
		};
		0611FD982B0AA024008A6CDE /* icons */ = {
			isa = PBXGroup;
			children = (
				0611FE402B0AA634008A6CDE /* Icons.xcassets */,
				0611FE432B0AA63A008A6CDE /* Icons.swift */,
			);
			path = icons;
			sourceTree = "<group>";
		};
		0611FDDF2B0AA4A5008A6CDE /* about */ = {
			isa = PBXGroup;
			children = (
				0611FDE02B0AA4A5008A6CDE /* AboutSceneView.swift */,
				0611FDE12B0AA4A5008A6CDE /* AboutSceneFactory.swift */,
				0611FDE22B0AA4A5008A6CDE /* AboutSceneRouter.swift */,
			);
			path = about;
			sourceTree = "<group>";
		};
		0611FDE52B0AA4A5008A6CDE /* contact */ = {
			isa = PBXGroup;
			children = (
				0611FDE62B0AA4A5008A6CDE /* ContactScenePresenter.swift */,
				0611FDE72B0AA4A5008A6CDE /* ContactSceneInteractor.swift */,
				0611FDE82B0AA4A5008A6CDE /* ContactSceneRouter.swift */,
				0611FDE92B0AA4A5008A6CDE /* ContactSceneFactory.swift */,
				0611FDEA2B0AA4A5008A6CDE /* ContactSceneView.swift */,
			);
			path = contact;
			sourceTree = "<group>";
		};
		0611FDEF2B0AA4A5008A6CDE /* skills */ = {
			isa = PBXGroup;
			children = (
				062889362B31F44F00F89279 /* subViews */,
				0611FDF02B0AA4A5008A6CDE /* SkillsScenePresenter.swift */,
				0611FDF12B0AA4A5008A6CDE /* SkillsSceneFactory.swift */,
				0611FDF22B0AA4A5008A6CDE /* SkillsSceneInteractor.swift */,
				0611FDF32B0AA4A5008A6CDE /* SkillsSceneView.swift */,
				0611FDF42B0AA4A5008A6CDE /* SkillsSceneRouter.swift */,
			);
			path = skills;
			sourceTree = "<group>";
		};
		0611FDF52B0AA4A5008A6CDE /* main */ = {
			isa = PBXGroup;
			children = (
				0611FDF62B0AA4A5008A6CDE /* MainSceneView.swift */,
				0611FDF72B0AA4A5008A6CDE /* MainSceneRouter.swift */,
				0611FDF82B0AA4A5008A6CDE /* MainSceneFactory.swift */,
			);
			path = main;
			sourceTree = "<group>";
		};
		0611FE4D2B0AA890008A6CDE /* navigation */ = {
			isa = PBXGroup;
			children = (
				0611FDEC2B0AA4A5008A6CDE /* NavigationWrapperView.swift */,
				0611FDED2B0AA4A5008A6CDE /* NavigationCoordinator.swift */,
				0611FDEE2B0AA4A5008A6CDE /* Factory.swift */,
				0611FE492B0AA802008A6CDE /* LaunchScreen.storyboard */,
			);
			path = navigation;
			sourceTree = "<group>";
		};
		0611FE4E2B0AADD6008A6CDE /* shapes */ = {
			isa = PBXGroup;
			children = (
				0611FE4F2B0AADF2008A6CDE /* NgonShape.swift */,
			);
			path = shapes;
			sourceTree = "<group>";
		};
		0611FE552B0AB873008A6CDE /* graphics */ = {
			isa = PBXGroup;
			children = (
				0611FE522B0AB86D008A6CDE /* CoreGraphics+Init.swift */,
				0611FE562B0AB88E008A6CDE /* CoreGraphics+Operators.swift */,
				0645302D2B20E54400E7880D /* CoreGraphics+Comparison.swift */,
				0638F73A2B3722A8001CB008 /* CoreGraphics+Utils.swift */,
			);
			path = graphics;
			sourceTree = "<group>";
		};
		062889122B31E78700F89279 /* mocks */ = {
			isa = PBXGroup;
			children = (
				062889322B31F18D00F89279 /* api */,
			);
			path = mocks;
			sourceTree = "<group>";
		};
		062889132B31E7A700F89279 /* api */ = {
			isa = PBXGroup;
			children = (
				062889142B31E7B200F89279 /* APIService.swift */,
				0628891B2B31E88E00F89279 /* APIError.swift */,
			);
			path = api;
			sourceTree = "<group>";
		};
		062889172B31E7EF00F89279 /* request */ = {
			isa = PBXGroup;
			children = (
				062889262B31EC6500F89279 /* skills */,
				062889182B31E7F900F89279 /* BaseRequest.swift */,
			);
			path = request;
			sourceTree = "<group>";
		};
		0628891E2B31EAF800F89279 /* date */ = {
			isa = PBXGroup;
			children = (
				0628891F2B31EB0200F89279 /* Date+Formatter.swift */,
			);
			path = date;
			sourceTree = "<group>";
		};
		062889262B31EC6500F89279 /* skills */ = {
			isa = PBXGroup;
			children = (
				062889272B31EC7B00F89279 /* GetSkillsRequest.swift */,
			);
			path = skills;
			sourceTree = "<group>";
		};
		0628892A2B31ECD100F89279 /* response */ = {
			isa = PBXGroup;
			children = (
				0628892B2B31ED2400F89279 /* skills */,
			);
			path = response;
			sourceTree = "<group>";
		};
		0628892B2B31ED2400F89279 /* skills */ = {
			isa = PBXGroup;
			children = (
				0628892C2B31ED2F00F89279 /* GetSkillsResponse.swift */,
			);
			path = skills;
			sourceTree = "<group>";
		};
		062889322B31F18D00F89279 /* api */ = {
			isa = PBXGroup;
			children = (
				062889332B31F20600F89279 /* GetSkillsRequestMock.json */,
				0628892F2B31EDB200F89279 /* APIServiceLocalMock.swift */,
			);
			path = api;
			sourceTree = "<group>";
		};
		062889362B31F44F00F89279 /* subViews */ = {
			isa = PBXGroup;
			children = (
				062889372B31F45E00F89279 /* SkillCellView.swift */,
				062889492B32214100F89279 /* SkillDetailView.swift */,
				062889432B3214C800F89279 /* HiveView.swift */,
			);
			path = subViews;
			sourceTree = "<group>";
		};
		0638F7362B3715C5001CB008 /* gestures */ = {
			isa = PBXGroup;
			children = (
				06C0AD702B1E8C7E0003249B /* GestureRouterModifier.swift */,
				0638F7372B3715DA001CB008 /* DragDownModifier.swift */,
			);
			path = gestures;
			sourceTree = "<group>";
		};
		0638F7412B37AE58001CB008 /* generic */ = {
			isa = PBXGroup;
			children = (
				0638F7422B37AE6B001CB008 /* GenericRouterProtocol.swift */,
				0638F7452B37AE8C001CB008 /* GenericScenePresenter.swift */,
			);
			path = generic;
			sourceTree = "<group>";
		};
		064530212B20B54900E7880D /* array */ = {
			isa = PBXGroup;
			children = (
				064530222B20B55700E7880D /* Array+Comparable.swift */,
				0628893A2B31F4C500F89279 /* Array+Secure.swift */,
				0628893D2B3212CA00F89279 /* Array+Numeration.swift */,
			);
			path = array;
			sourceTree = "<group>";
		};
		064530252B20B57A00E7880D /* view */ = {
			isa = PBXGroup;
			children = (
				064530262B20B58700E7880D /* View+Navigation.swift */,
				064530372B2124A100E7880D /* View+Frame.swift */,
			);
			path = view;
			sourceTree = "<group>";
		};
		064530292B20E03700E7880D /* protocols */ = {
			isa = PBXGroup;
			children = (
				0645302A2B20E04100E7880D /* IdentifiableEquatable.swift */,
			);
			path = protocols;
			sourceTree = "<group>";
		};
		064530302B2102DA00E7880D /* distributor */ = {
			isa = PBXGroup;
			children = (
				064530312B2102FA00E7880D /* HiveDistributor.swift */,
				064530342B21033F00E7880D /* DistributorProtocol.swift */,
			);
			path = distributor;
			sourceTree = "<group>";
		};
		068411C22B232EF000CDC7B7 /* roboto */ = {
			isa = PBXGroup;
			children = (
				068411C32B232EFC00CDC7B7 /* ROBOTO-REGULAR.TTF */,
			);
			path = roboto;
			sourceTree = "<group>";
		};
		06B186BA2B1E27DD005BEA60 /* modifiers */ = {
			isa = PBXGroup;
			children = (
				0638F7362B3715C5001CB008 /* gestures */,
				06B186BB2B1E27EA005BEA60 /* ParallaxModifier.swift */,
				06C0AD5E2B1E40D10003249B /* TextStyleModifier.swift */,
			);
			path = modifiers;
			sourceTree = "<group>";
		};
		06C0AD532B1E3F6F0003249B /* fonts */ = {
			isa = PBXGroup;
			children = (
				068411C22B232EF000CDC7B7 /* roboto */,
				06C0AD612B1E40F90003249B /* montserrat */,
				06C0AD572B1E400C0003249B /* Fonts.swift */,
			);
			path = fonts;
			sourceTree = "<group>";
		};
		06C0AD5A2B1E40390003249B /* enums */ = {
			isa = PBXGroup;
			children = (
				06C0AD5B2B1E40430003249B /* TextStyle.swift */,
			);
			path = enums;
			sourceTree = "<group>";
		};
		06C0AD612B1E40F90003249B /* montserrat */ = {
			isa = PBXGroup;
			children = (
				06C0AD542B1E3F6F0003249B /* Montserrat.ttf */,
			);
			path = montserrat;
			sourceTree = "<group>";
		};
		06C0AD622B1E450B0003249B /* generic */ = {
			isa = PBXGroup;
			children = (
				06C0AD632B1E451A0003249B /* LottieView.swift */,
				06EBC4272B38A35300BECF6D /* AnimatedBorderView.swift */,
			);
			path = generic;
			sourceTree = "<group>";
		};
		06C0AD692B1E45740003249B /* lotties */ = {
			isa = PBXGroup;
			children = (
				06C0AD6A2B1E45A50003249B /* drag_up.json */,
				06C0AD6D2B1E45C10003249B /* Lotties.swift */,
			);
			path = lotties;
			sourceTree = "<group>";
		};
		06C0AD732B1E8DEA0003249B /* aliases */ = {
			isa = PBXGroup;
			children = (
				06C0AD742B1E8DFE0003249B /* Callbacks+Aliases.swift */,
			);
			path = aliases;
			sourceTree = "<group>";
		};
		06EBC41C2B386B9E00BECF6D /* clients */ = {
			isa = PBXGroup;
			children = (
				06EBC41E2B386D4E00BECF6D /* ClientsSceneFactory.swift */,
				06EBC41D2B386D4E00BECF6D /* ClientsSceneInteractor.swift */,
				06EBC41F2B386D4E00BECF6D /* ClientsScenePresenter.swift */,
				06EBC4202B386D4E00BECF6D /* ClientsSceneRouter.swift */,
				06EBC4212B386D4E00BECF6D /* ClientsSceneView.swift */,
			);
			path = clients;
			sourceTree = "<group>";
		};
/* End PBXGroup section */

/* Begin PBXNativeTarget section */
		0611FD3D2B0A9FBC008A6CDE /* Portfolio */ = {
			isa = PBXNativeTarget;
			buildConfigurationList = 0611FD632B0A9FBC008A6CDE /* Build configuration list for PBXNativeTarget "Portfolio" */;
			buildPhases = (
				0611FE392B0AA5DC008A6CDE /* SwiftGen */,
				0611FD3A2B0A9FBC008A6CDE /* Sources */,
				0611FD3B2B0A9FBC008A6CDE /* Frameworks */,
				0611FD3C2B0A9FBC008A6CDE /* Resources */,
			);
			buildRules = (
			);
			dependencies = (
			);
			name = Portfolio;
			packageProductDependencies = (
				06C0AD672B1E454C0003249B /* Lottie */,
				062889102B31E77300F89279 /* Alamofire */,
			);
			productName = Portfolio;
			productReference = 0611FD3E2B0A9FBC008A6CDE /* Portfolio.app */;
			productType = "com.apple.product-type.application";
		};
		0611FD4E2B0A9FBC008A6CDE /* PortfolioTests */ = {
			isa = PBXNativeTarget;
			buildConfigurationList = 0611FD662B0A9FBC008A6CDE /* Build configuration list for PBXNativeTarget "PortfolioTests" */;
			buildPhases = (
				0611FD4B2B0A9FBC008A6CDE /* Sources */,
				0611FD4C2B0A9FBC008A6CDE /* Frameworks */,
				0611FD4D2B0A9FBC008A6CDE /* Resources */,
			);
			buildRules = (
			);
			dependencies = (
				0611FD512B0A9FBC008A6CDE /* PBXTargetDependency */,
			);
			name = PortfolioTests;
			productName = PortfolioTests;
			productReference = 0611FD4F2B0A9FBC008A6CDE /* PortfolioTests.xctest */;
			productType = "com.apple.product-type.bundle.unit-test";
		};
		0611FD582B0A9FBC008A6CDE /* PortfolioUITests */ = {
			isa = PBXNativeTarget;
			buildConfigurationList = 0611FD692B0A9FBC008A6CDE /* Build configuration list for PBXNativeTarget "PortfolioUITests" */;
			buildPhases = (
				0611FD552B0A9FBC008A6CDE /* Sources */,
				0611FD562B0A9FBC008A6CDE /* Frameworks */,
				0611FD572B0A9FBC008A6CDE /* Resources */,
			);
			buildRules = (
			);
			dependencies = (
				0611FD5B2B0A9FBC008A6CDE /* PBXTargetDependency */,
			);
			name = PortfolioUITests;
			productName = PortfolioUITests;
			productReference = 0611FD592B0A9FBC008A6CDE /* PortfolioUITests.xctest */;
			productType = "com.apple.product-type.bundle.ui-testing";
		};
/* End PBXNativeTarget section */

/* Begin PBXProject section */
		0611FD362B0A9FBC008A6CDE /* Project object */ = {
			isa = PBXProject;
			attributes = {
				BuildIndependentTargetsInParallel = 1;
				LastSwiftUpdateCheck = 1430;
				LastUpgradeCheck = 1430;
				TargetAttributes = {
					0611FD3D2B0A9FBC008A6CDE = {
						CreatedOnToolsVersion = 14.3.1;
					};
					0611FD4E2B0A9FBC008A6CDE = {
						CreatedOnToolsVersion = 14.3.1;
						TestTargetID = 0611FD3D2B0A9FBC008A6CDE;
					};
					0611FD582B0A9FBC008A6CDE = {
						CreatedOnToolsVersion = 14.3.1;
						TestTargetID = 0611FD3D2B0A9FBC008A6CDE;
					};
				};
			};
			buildConfigurationList = 0611FD392B0A9FBC008A6CDE /* Build configuration list for PBXProject "Portfolio" */;
			compatibilityVersion = "Xcode 14.0";
			developmentRegion = en;
			hasScannedForEncodings = 0;
			knownRegions = (
				en,
				Base,
				es,
			);
			mainGroup = 0611FD352B0A9FBC008A6CDE;
			packageReferences = (
				06C0AD662B1E454C0003249B /* XCRemoteSwiftPackageReference "lottie-ios" */,
				0628890F2B31E77300F89279 /* XCRemoteSwiftPackageReference "Alamofire" */,
			);
			productRefGroup = 0611FD3F2B0A9FBC008A6CDE /* Products */;
			projectDirPath = "";
			projectRoot = "";
			targets = (
				0611FD3D2B0A9FBC008A6CDE /* Portfolio */,
				0611FD4E2B0A9FBC008A6CDE /* PortfolioTests */,
				0611FD582B0A9FBC008A6CDE /* PortfolioUITests */,
			);
		};
/* End PBXProject section */

/* Begin PBXResourcesBuildPhase section */
		0611FD3C2B0A9FBC008A6CDE /* Resources */ = {
			isa = PBXResourcesBuildPhase;
			buildActionMask = 2147483647;
			files = (
				06C0AD4E2B1E3E380003249B /* Localizables.strings in Resources */,
				062889342B31F20600F89279 /* GetSkillsRequestMock.json in Resources */,
				0611FDDA2B0AA2D5008A6CDE /* ColorScheme.xcassets in Resources */,
				068411C42B232EFC00CDC7B7 /* ROBOTO-REGULAR.TTF in Resources */,
				0611FE412B0AA634008A6CDE /* Icons.xcassets in Resources */,
				06C0AD6B2B1E45A50003249B /* drag_up.json in Resources */,
				0611FE4A2B0AA802008A6CDE /* LaunchScreen.storyboard in Resources */,
				0611FD462B0A9FBC008A6CDE /* Assets.xcassets in Resources */,
				06C0AD552B1E3F6F0003249B /* Montserrat.ttf in Resources */,
			);
			runOnlyForDeploymentPostprocessing = 0;
		};
		0611FD4D2B0A9FBC008A6CDE /* Resources */ = {
			isa = PBXResourcesBuildPhase;
			buildActionMask = 2147483647;
			files = (
				0611FDDB2B0AA2D5008A6CDE /* ColorScheme.xcassets in Resources */,
				06C0AD562B1E3F6F0003249B /* Montserrat.ttf in Resources */,
				06C0AD6C2B1E45A50003249B /* drag_up.json in Resources */,
				0611FE4B2B0AA802008A6CDE /* LaunchScreen.storyboard in Resources */,
				0611FE422B0AA634008A6CDE /* Icons.xcassets in Resources */,
				068411C52B232EFC00CDC7B7 /* ROBOTO-REGULAR.TTF in Resources */,
				062889352B31F20600F89279 /* GetSkillsRequestMock.json in Resources */,
				06C0AD4F2B1E3E380003249B /* Localizables.strings in Resources */,
			);
			runOnlyForDeploymentPostprocessing = 0;
		};
		0611FD572B0A9FBC008A6CDE /* Resources */ = {
			isa = PBXResourcesBuildPhase;
			buildActionMask = 2147483647;
			files = (
			);
			runOnlyForDeploymentPostprocessing = 0;
		};
/* End PBXResourcesBuildPhase section */

/* Begin PBXShellScriptBuildPhase section */
		0611FE392B0AA5DC008A6CDE /* SwiftGen */ = {
			isa = PBXShellScriptBuildPhase;
			buildActionMask = 2147483647;
			files = (
			);
			inputFileListPaths = (
			);
			inputPaths = (
			);
			name = SwiftGen;
			outputFileListPaths = (
			);
			outputPaths = (
			);
			runOnlyForDeploymentPostprocessing = 0;
			shellPath = /bin/sh;
			shellScript = "export PATH=\"$PATH:/opt/homebrew/bin\"\n\nif which swiftgen; then\n    swiftgen\nelse\n  echo \"error: SwiftGen not installed, run 'brew install swiftgen'\"\nfi\n";
		};
/* End PBXShellScriptBuildPhase section */

/* Begin PBXSourcesBuildPhase section */
		0611FD3A2B0A9FBC008A6CDE /* Sources */ = {
			isa = PBXSourcesBuildPhase;
			buildActionMask = 2147483647;
			files = (
				0611FE012B0AA4A5008A6CDE /* AboutSceneView.swift in Sources */,
				0628894A2B32214100F89279 /* SkillDetailView.swift in Sources */,
				06EBC4282B38A35300BECF6D /* AnimatedBorderView.swift in Sources */,
				0611FDDD2B0AA3D8008A6CDE /* ColorScheme.swift in Sources */,
				0611FE3E2B0AA616008A6CDE /* Localizables.swift in Sources */,
				062889232B31EBF500F89279 /* AppConstants.swift in Sources */,
				0628890D2B31E73100F89279 /* NetworkDecoder.swift in Sources */,
				06EBC4242B386D4E00BECF6D /* ClientsScenePresenter.swift in Sources */,
				06C0AD712B1E8C7E0003249B /* GestureRouterModifier.swift in Sources */,
				0645302B2B20E04100E7880D /* IdentifiableEquatable.swift in Sources */,
				0611FE252B0AA4A5008A6CDE /* MainSceneView.swift in Sources */,
				06C0AD6E2B1E45C10003249B /* Lotties.swift in Sources */,
				0628891C2B31E88E00F89279 /* APIError.swift in Sources */,
				064530352B21033F00E7880D /* DistributorProtocol.swift in Sources */,
				0628892D2B31ED2F00F89279 /* GetSkillsResponse.swift in Sources */,
				062889072B31E6AB00F89279 /* SkillEntity.swift in Sources */,
				064530322B2102FA00E7880D /* HiveDistributor.swift in Sources */,
				0611FE112B0AA4A5008A6CDE /* ContactSceneFactory.swift in Sources */,
				0645302E2B20E54400E7880D /* CoreGraphics+Comparison.swift in Sources */,
				0611FE442B0AA63A008A6CDE /* Icons.swift in Sources */,
				06EBC4222B386D4E00BECF6D /* ClientsSceneInteractor.swift in Sources */,
				0611FE172B0AA4A5008A6CDE /* NavigationCoordinator.swift in Sources */,
				0611FE032B0AA4A5008A6CDE /* AboutSceneFactory.swift in Sources */,
				0628890A2B31E71900F89279 /* NetworkWrapper.swift in Sources */,
				0638F7382B3715DA001CB008 /* DragDownModifier.swift in Sources */,
				0611FE292B0AA4A5008A6CDE /* MainSceneFactory.swift in Sources */,
				062889302B31EDB200F89279 /* APIServiceLocalMock.swift in Sources */,
				0611FE532B0AB86D008A6CDE /* CoreGraphics+Init.swift in Sources */,
				0638F73B2B3722A8001CB008 /* CoreGraphics+Utils.swift in Sources */,
				06EBC4262B386D4E00BECF6D /* ClientsSceneView.swift in Sources */,
				0611FE1D2B0AA4A5008A6CDE /* SkillsSceneFactory.swift in Sources */,
				06EBC4232B386D4E00BECF6D /* ClientsSceneFactory.swift in Sources */,
				0611FE272B0AA4A5008A6CDE /* MainSceneRouter.swift in Sources */,
				064530382B2124A100E7880D /* View+Frame.swift in Sources */,
				062889192B31E7F900F89279 /* BaseRequest.swift in Sources */,
				0638F7432B37AE6B001CB008 /* GenericRouterProtocol.swift in Sources */,
				06C0AD5F2B1E40D10003249B /* TextStyleModifier.swift in Sources */,
				062889152B31E7B200F89279 /* APIService.swift in Sources */,
				0611FE0D2B0AA4A5008A6CDE /* ContactSceneInteractor.swift in Sources */,
				0611FE132B0AA4A5008A6CDE /* ContactSceneView.swift in Sources */,
				06C0AD5C2B1E40430003249B /* TextStyle.swift in Sources */,
				0611FE232B0AA4A5008A6CDE /* SkillsSceneRouter.swift in Sources */,
				064530232B20B55700E7880D /* Array+Comparable.swift in Sources */,
				0611FE052B0AA4A5008A6CDE /* AboutSceneRouter.swift in Sources */,
				0638F7462B37AE8C001CB008 /* GenericScenePresenter.swift in Sources */,
				0611FD422B0A9FBC008A6CDE /* PortfolioApp.swift in Sources */,
				0611FE212B0AA4A5008A6CDE /* SkillsSceneView.swift in Sources */,
				0611FE192B0AA4A5008A6CDE /* Factory.swift in Sources */,
				062889412B32144000F89279 /* UIConstants.swift in Sources */,
				06C0AD752B1E8DFE0003249B /* Callbacks+Aliases.swift in Sources */,
				0611FE0B2B0AA4A5008A6CDE /* ContactScenePresenter.swift in Sources */,
				06C0AD642B1E451A0003249B /* LottieView.swift in Sources */,
				06B186BC2B1E27EA005BEA60 /* ParallaxModifier.swift in Sources */,
				062889282B31EC7B00F89279 /* GetSkillsRequest.swift in Sources */,
				0611FE1F2B0AA4A5008A6CDE /* SkillsSceneInteractor.swift in Sources */,
				064530272B20B58700E7880D /* View+Navigation.swift in Sources */,
				062889382B31F45E00F89279 /* SkillCellView.swift in Sources */,
				06EBC4252B386D4E00BECF6D /* ClientsSceneRouter.swift in Sources */,
				0611FE152B0AA4A5008A6CDE /* NavigationWrapperView.swift in Sources */,
				0611FE0F2B0AA4A5008A6CDE /* ContactSceneRouter.swift in Sources */,
				062889442B3214C800F89279 /* HiveView.swift in Sources */,
				0611FE572B0AB88E008A6CDE /* CoreGraphics+Operators.swift in Sources */,
				0628893E2B3212CA00F89279 /* Array+Numeration.swift in Sources */,
				0611FE502B0AADF2008A6CDE /* NgonShape.swift in Sources */,
				0611FDCD2B0AA075008A6CDE /* ServicesInjector.swift in Sources */,
				06C0AD582B1E400C0003249B /* Fonts.swift in Sources */,
				062889202B31EB0200F89279 /* Date+Formatter.swift in Sources */,
				0628893B2B31F4C500F89279 /* Array+Secure.swift in Sources */,
				0611FE1B2B0AA4A5008A6CDE /* SkillsScenePresenter.swift in Sources */,
			);
			runOnlyForDeploymentPostprocessing = 0;
		};
		0611FD4B2B0A9FBC008A6CDE /* Sources */ = {
			isa = PBXSourcesBuildPhase;
			buildActionMask = 2147483647;
			files = (
				0611FDDE2B0AA3D8008A6CDE /* ColorScheme.swift in Sources */,
				0628894B2B32214100F89279 /* SkillDetailView.swift in Sources */,
				0611FE022B0AA4A5008A6CDE /* AboutSceneView.swift in Sources */,
				0611FE3F2B0AA616008A6CDE /* Localizables.swift in Sources */,
				062889242B31EBF500F89279 /* AppConstants.swift in Sources */,
				0628890E2B31E73100F89279 /* NetworkDecoder.swift in Sources */,
				06C0AD722B1E8C7E0003249B /* GestureRouterModifier.swift in Sources */,
				0645302C2B20E04100E7880D /* IdentifiableEquatable.swift in Sources */,
				0611FD542B0A9FBC008A6CDE /* PortfolioTests.swift in Sources */,
				06C0AD6F2B1E45C10003249B /* Lotties.swift in Sources */,
				0628891D2B31E88E00F89279 /* APIError.swift in Sources */,
				064530362B21033F00E7880D /* DistributorProtocol.swift in Sources */,
				0628892E2B31ED2F00F89279 /* GetSkillsResponse.swift in Sources */,
				062889082B31E6AB00F89279 /* SkillEntity.swift in Sources */,
				064530332B2102FA00E7880D /* HiveDistributor.swift in Sources */,
				0611FE262B0AA4A5008A6CDE /* MainSceneView.swift in Sources */,
				0645302F2B20E54400E7880D /* CoreGraphics+Comparison.swift in Sources */,
				0611FE452B0AA63A008A6CDE /* Icons.swift in Sources */,
				0611FE122B0AA4A5008A6CDE /* ContactSceneFactory.swift in Sources */,
				0611FE182B0AA4A5008A6CDE /* NavigationCoordinator.swift in Sources */,
				0628890B2B31E71900F89279 /* NetworkWrapper.swift in Sources */,
				0611FE042B0AA4A5008A6CDE /* AboutSceneFactory.swift in Sources */,
				0638F7392B3715DA001CB008 /* DragDownModifier.swift in Sources */,
				062889312B31EDB200F89279 /* APIServiceLocalMock.swift in Sources */,
				0611FE542B0AB86D008A6CDE /* CoreGraphics+Init.swift in Sources */,
				0638F73C2B3722A8001CB008 /* CoreGraphics+Utils.swift in Sources */,
				0611FE2A2B0AA4A5008A6CDE /* MainSceneFactory.swift in Sources */,
				0611FE1E2B0AA4A5008A6CDE /* SkillsSceneFactory.swift in Sources */,
				064530392B2124A100E7880D /* View+Frame.swift in Sources */,
				0628891A2B31E7F900F89279 /* BaseRequest.swift in Sources */,
				0638F7442B37AE6B001CB008 /* GenericRouterProtocol.swift in Sources */,
				06C0AD602B1E40D10003249B /* TextStyleModifier.swift in Sources */,
				0611FE282B0AA4A5008A6CDE /* MainSceneRouter.swift in Sources */,
				062889162B31E7B200F89279 /* APIService.swift in Sources */,
				0611FE0E2B0AA4A5008A6CDE /* ContactSceneInteractor.swift in Sources */,
				06C0AD5D2B1E40430003249B /* TextStyle.swift in Sources */,
				0611FE142B0AA4A5008A6CDE /* ContactSceneView.swift in Sources */,
				064530242B20B55700E7880D /* Array+Comparable.swift in Sources */,
				0611FE242B0AA4A5008A6CDE /* SkillsSceneRouter.swift in Sources */,
				0638F7472B37AE8C001CB008 /* GenericScenePresenter.swift in Sources */,
				0611FE062B0AA4A5008A6CDE /* AboutSceneRouter.swift in Sources */,
				0611FE222B0AA4A5008A6CDE /* SkillsSceneView.swift in Sources */,
				0611FE1A2B0AA4A5008A6CDE /* Factory.swift in Sources */,
				062889422B32144000F89279 /* UIConstants.swift in Sources */,
				06C0AD762B1E8DFE0003249B /* Callbacks+Aliases.swift in Sources */,
				0611FE0C2B0AA4A5008A6CDE /* ContactScenePresenter.swift in Sources */,
				06C0AD652B1E451A0003249B /* LottieView.swift in Sources */,
				06B186BD2B1E27EA005BEA60 /* ParallaxModifier.swift in Sources */,
				062889292B31EC7B00F89279 /* GetSkillsRequest.swift in Sources */,
				0611FDCE2B0AA075008A6CDE /* ServicesInjector.swift in Sources */,
				064530282B20B58700E7880D /* View+Navigation.swift in Sources */,
				0611FE202B0AA4A5008A6CDE /* SkillsSceneInteractor.swift in Sources */,
				062889392B31F45E00F89279 /* SkillCellView.swift in Sources */,
				0611FE162B0AA4A5008A6CDE /* NavigationWrapperView.swift in Sources */,
				0611FE102B0AA4A5008A6CDE /* ContactSceneRouter.swift in Sources */,
				062889452B3214C800F89279 /* HiveView.swift in Sources */,
				0611FE582B0AB88E008A6CDE /* CoreGraphics+Operators.swift in Sources */,
				0628893F2B3212CA00F89279 /* Array+Numeration.swift in Sources */,
				0611FE512B0AADF2008A6CDE /* NgonShape.swift in Sources */,
				06C0AD592B1E400C0003249B /* Fonts.swift in Sources */,
				062889212B31EB0200F89279 /* Date+Formatter.swift in Sources */,
				0628893C2B31F4C500F89279 /* Array+Secure.swift in Sources */,
				0611FE1C2B0AA4A5008A6CDE /* SkillsScenePresenter.swift in Sources */,
			);
			runOnlyForDeploymentPostprocessing = 0;
		};
		0611FD552B0A9FBC008A6CDE /* Sources */ = {
			isa = PBXSourcesBuildPhase;
			buildActionMask = 2147483647;
			files = (
				0611FD5E2B0A9FBC008A6CDE /* PortfolioUITests.swift in Sources */,
				0611FD602B0A9FBC008A6CDE /* PortfolioUITestsLaunchTests.swift in Sources */,
			);
			runOnlyForDeploymentPostprocessing = 0;
		};
/* End PBXSourcesBuildPhase section */

/* Begin PBXTargetDependency section */
		0611FD512B0A9FBC008A6CDE /* PBXTargetDependency */ = {
			isa = PBXTargetDependency;
			target = 0611FD3D2B0A9FBC008A6CDE /* Portfolio */;
			targetProxy = 0611FD502B0A9FBC008A6CDE /* PBXContainerItemProxy */;
		};
		0611FD5B2B0A9FBC008A6CDE /* PBXTargetDependency */ = {
			isa = PBXTargetDependency;
			target = 0611FD3D2B0A9FBC008A6CDE /* Portfolio */;
			targetProxy = 0611FD5A2B0A9FBC008A6CDE /* PBXContainerItemProxy */;
		};
/* End PBXTargetDependency section */

/* Begin PBXVariantGroup section */
		06C0AD512B1E3E380003249B /* Localizables.strings */ = {
			isa = PBXVariantGroup;
			children = (
				06C0AD502B1E3E380003249B /* en */,
				06C0AD522B1E3EB00003249B /* es */,
			);
			name = Localizables.strings;
			sourceTree = "<group>";
		};
/* End PBXVariantGroup section */

/* Begin XCBuildConfiguration section */
		0611FD612B0A9FBC008A6CDE /* Debug */ = {
			isa = XCBuildConfiguration;
			buildSettings = {
				ALWAYS_SEARCH_USER_PATHS = NO;
				CLANG_ANALYZER_LOCALIZABILITY_NONLOCALIZED = YES;
				CLANG_ANALYZER_NONNULL = YES;
				CLANG_ANALYZER_NUMBER_OBJECT_CONVERSION = YES_AGGRESSIVE;
				CLANG_CXX_LANGUAGE_STANDARD = "gnu++20";
				CLANG_ENABLE_MODULES = YES;
				CLANG_ENABLE_OBJC_ARC = YES;
				CLANG_ENABLE_OBJC_WEAK = YES;
				CLANG_WARN_BLOCK_CAPTURE_AUTORELEASING = YES;
				CLANG_WARN_BOOL_CONVERSION = YES;
				CLANG_WARN_COMMA = YES;
				CLANG_WARN_CONSTANT_CONVERSION = YES;
				CLANG_WARN_DEPRECATED_OBJC_IMPLEMENTATIONS = YES;
				CLANG_WARN_DIRECT_OBJC_ISA_USAGE = YES_ERROR;
				CLANG_WARN_DOCUMENTATION_COMMENTS = YES;
				CLANG_WARN_EMPTY_BODY = YES;
				CLANG_WARN_ENUM_CONVERSION = YES;
				CLANG_WARN_INFINITE_RECURSION = YES;
				CLANG_WARN_INT_CONVERSION = YES;
				CLANG_WARN_NON_LITERAL_NULL_CONVERSION = YES;
				CLANG_WARN_OBJC_IMPLICIT_RETAIN_SELF = YES;
				CLANG_WARN_OBJC_LITERAL_CONVERSION = YES;
				CLANG_WARN_OBJC_ROOT_CLASS = YES_ERROR;
				CLANG_WARN_QUOTED_INCLUDE_IN_FRAMEWORK_HEADER = YES;
				CLANG_WARN_RANGE_LOOP_ANALYSIS = YES;
				CLANG_WARN_STRICT_PROTOTYPES = YES;
				CLANG_WARN_SUSPICIOUS_MOVE = YES;
				CLANG_WARN_UNGUARDED_AVAILABILITY = YES_AGGRESSIVE;
				CLANG_WARN_UNREACHABLE_CODE = YES;
				CLANG_WARN__DUPLICATE_METHOD_MATCH = YES;
				COPY_PHASE_STRIP = NO;
				DEBUG_INFORMATION_FORMAT = dwarf;
				ENABLE_STRICT_OBJC_MSGSEND = YES;
				ENABLE_TESTABILITY = YES;
				GCC_C_LANGUAGE_STANDARD = gnu11;
				GCC_DYNAMIC_NO_PIC = NO;
				GCC_NO_COMMON_BLOCKS = YES;
				GCC_OPTIMIZATION_LEVEL = 0;
				GCC_PREPROCESSOR_DEFINITIONS = (
					"DEBUG=1",
					"$(inherited)",
				);
				GCC_WARN_64_TO_32_BIT_CONVERSION = YES;
				GCC_WARN_ABOUT_RETURN_TYPE = YES_ERROR;
				GCC_WARN_UNDECLARED_SELECTOR = YES;
				GCC_WARN_UNINITIALIZED_AUTOS = YES_AGGRESSIVE;
				GCC_WARN_UNUSED_FUNCTION = YES;
				GCC_WARN_UNUSED_VARIABLE = YES;
				IPHONEOS_DEPLOYMENT_TARGET = 16.0;
				MTL_ENABLE_DEBUG_INFO = INCLUDE_SOURCE;
				MTL_FAST_MATH = YES;
				ONLY_ACTIVE_ARCH = YES;
				SDKROOT = iphoneos;
				SUPPORTED_PLATFORMS = "iphonesimulator iphoneos";
				SWIFT_ACTIVE_COMPILATION_CONDITIONS = DEBUG;
				SWIFT_OPTIMIZATION_LEVEL = "-Onone";
			};
			name = Debug;
		};
		0611FD622B0A9FBC008A6CDE /* Release */ = {
			isa = XCBuildConfiguration;
			buildSettings = {
				ALWAYS_SEARCH_USER_PATHS = NO;
				CLANG_ANALYZER_LOCALIZABILITY_NONLOCALIZED = YES;
				CLANG_ANALYZER_NONNULL = YES;
				CLANG_ANALYZER_NUMBER_OBJECT_CONVERSION = YES_AGGRESSIVE;
				CLANG_CXX_LANGUAGE_STANDARD = "gnu++20";
				CLANG_ENABLE_MODULES = YES;
				CLANG_ENABLE_OBJC_ARC = YES;
				CLANG_ENABLE_OBJC_WEAK = YES;
				CLANG_WARN_BLOCK_CAPTURE_AUTORELEASING = YES;
				CLANG_WARN_BOOL_CONVERSION = YES;
				CLANG_WARN_COMMA = YES;
				CLANG_WARN_CONSTANT_CONVERSION = YES;
				CLANG_WARN_DEPRECATED_OBJC_IMPLEMENTATIONS = YES;
				CLANG_WARN_DIRECT_OBJC_ISA_USAGE = YES_ERROR;
				CLANG_WARN_DOCUMENTATION_COMMENTS = YES;
				CLANG_WARN_EMPTY_BODY = YES;
				CLANG_WARN_ENUM_CONVERSION = YES;
				CLANG_WARN_INFINITE_RECURSION = YES;
				CLANG_WARN_INT_CONVERSION = YES;
				CLANG_WARN_NON_LITERAL_NULL_CONVERSION = YES;
				CLANG_WARN_OBJC_IMPLICIT_RETAIN_SELF = YES;
				CLANG_WARN_OBJC_LITERAL_CONVERSION = YES;
				CLANG_WARN_OBJC_ROOT_CLASS = YES_ERROR;
				CLANG_WARN_QUOTED_INCLUDE_IN_FRAMEWORK_HEADER = YES;
				CLANG_WARN_RANGE_LOOP_ANALYSIS = YES;
				CLANG_WARN_STRICT_PROTOTYPES = YES;
				CLANG_WARN_SUSPICIOUS_MOVE = YES;
				CLANG_WARN_UNGUARDED_AVAILABILITY = YES_AGGRESSIVE;
				CLANG_WARN_UNREACHABLE_CODE = YES;
				CLANG_WARN__DUPLICATE_METHOD_MATCH = YES;
				COPY_PHASE_STRIP = NO;
				DEBUG_INFORMATION_FORMAT = "dwarf-with-dsym";
				ENABLE_NS_ASSERTIONS = NO;
				ENABLE_STRICT_OBJC_MSGSEND = YES;
				GCC_C_LANGUAGE_STANDARD = gnu11;
				GCC_NO_COMMON_BLOCKS = YES;
				GCC_WARN_64_TO_32_BIT_CONVERSION = YES;
				GCC_WARN_ABOUT_RETURN_TYPE = YES_ERROR;
				GCC_WARN_UNDECLARED_SELECTOR = YES;
				GCC_WARN_UNINITIALIZED_AUTOS = YES_AGGRESSIVE;
				GCC_WARN_UNUSED_FUNCTION = YES;
				GCC_WARN_UNUSED_VARIABLE = YES;
				IPHONEOS_DEPLOYMENT_TARGET = 16.0;
				MTL_ENABLE_DEBUG_INFO = NO;
				MTL_FAST_MATH = YES;
				SDKROOT = iphoneos;
				SUPPORTED_PLATFORMS = "iphonesimulator iphoneos";
				SWIFT_COMPILATION_MODE = wholemodule;
				SWIFT_OPTIMIZATION_LEVEL = "-O";
			};
			name = Release;
		};
		0611FD642B0A9FBC008A6CDE /* Debug */ = {
			isa = XCBuildConfiguration;
			buildSettings = {
				ASSETCATALOG_COMPILER_APPICON_NAME = AppIcon;
				ASSETCATALOG_COMPILER_GLOBAL_ACCENT_COLOR_NAME = AccentColor;
				CODE_SIGN_ENTITLEMENTS = Portfolio/Portfolio.entitlements;
				CODE_SIGN_STYLE = Automatic;
				COMBINE_HIDPI_IMAGES = YES;
				CURRENT_PROJECT_VERSION = 3;
				DEVELOPMENT_TEAM = Q8FQP27R5R;
				ENABLE_PREVIEWS = YES;
				GENERATE_INFOPLIST_FILE = YES;
				INFOPLIST_FILE = Portfolio/Info.plist;
				INFOPLIST_KEY_LSApplicationCategoryType = "public.app-category.business";
				INFOPLIST_KEY_NSHumanReadableCopyright = "";
				INFOPLIST_KEY_UILaunchStoryboardName = LaunchScreen.storyboard;
				INFOPLIST_KEY_UIRequiresFullScreen = YES;
				INFOPLIST_KEY_UISupportedInterfaceOrientations = UIInterfaceOrientationPortrait;
				INFOPLIST_KEY_UISupportedInterfaceOrientations_iPad = "UIInterfaceOrientationLandscapeLeft UIInterfaceOrientationLandscapeRight UIInterfaceOrientationPortrait";
				LD_RUNPATH_SEARCH_PATHS = (
					"$(inherited)",
					"@executable_path/../Frameworks",
				);
				MARKETING_VERSION = 1.0;
				PRODUCT_BUNDLE_IDENTIFIER = mrk.portal.portfolio;
				PRODUCT_NAME = "$(TARGET_NAME)";
				SUPPORTED_PLATFORMS = "iphoneos iphonesimulator";
				SUPPORTS_MACCATALYST = NO;
				SUPPORTS_MAC_DESIGNED_FOR_IPHONE_IPAD = NO;
				SWIFT_EMIT_LOC_STRINGS = YES;
				SWIFT_VERSION = 5.0;
				TARGETED_DEVICE_FAMILY = 1;
			};
			name = Debug;
		};
		0611FD652B0A9FBC008A6CDE /* Release */ = {
			isa = XCBuildConfiguration;
			buildSettings = {
				ASSETCATALOG_COMPILER_APPICON_NAME = AppIcon;
				ASSETCATALOG_COMPILER_GLOBAL_ACCENT_COLOR_NAME = AccentColor;
				CODE_SIGN_ENTITLEMENTS = Portfolio/Portfolio.entitlements;
				CODE_SIGN_STYLE = Automatic;
				COMBINE_HIDPI_IMAGES = YES;
				CURRENT_PROJECT_VERSION = 3;
				DEVELOPMENT_TEAM = Q8FQP27R5R;
				ENABLE_PREVIEWS = YES;
				GENERATE_INFOPLIST_FILE = YES;
				INFOPLIST_FILE = Portfolio/Info.plist;
				INFOPLIST_KEY_LSApplicationCategoryType = "public.app-category.business";
				INFOPLIST_KEY_NSHumanReadableCopyright = "";
				INFOPLIST_KEY_UILaunchStoryboardName = LaunchScreen.storyboard;
				INFOPLIST_KEY_UIRequiresFullScreen = YES;
				INFOPLIST_KEY_UISupportedInterfaceOrientations = UIInterfaceOrientationPortrait;
				INFOPLIST_KEY_UISupportedInterfaceOrientations_iPad = "UIInterfaceOrientationLandscapeLeft UIInterfaceOrientationLandscapeRight UIInterfaceOrientationPortrait";
				LD_RUNPATH_SEARCH_PATHS = (
					"$(inherited)",
					"@executable_path/../Frameworks",
				);
				MARKETING_VERSION = 1.0;
				PRODUCT_BUNDLE_IDENTIFIER = mrk.portal.portfolio;
				PRODUCT_NAME = "$(TARGET_NAME)";
				SUPPORTED_PLATFORMS = "iphoneos iphonesimulator";
				SUPPORTS_MACCATALYST = NO;
				SUPPORTS_MAC_DESIGNED_FOR_IPHONE_IPAD = NO;
				SWIFT_EMIT_LOC_STRINGS = YES;
				SWIFT_VERSION = 5.0;
				TARGETED_DEVICE_FAMILY = 1;
			};
			name = Release;
		};
		0611FD672B0A9FBC008A6CDE /* Debug */ = {
			isa = XCBuildConfiguration;
			buildSettings = {
				ALWAYS_EMBED_SWIFT_STANDARD_LIBRARIES = YES;
				BUNDLE_LOADER = "$(TEST_HOST)";
				CODE_SIGN_STYLE = Automatic;
				CURRENT_PROJECT_VERSION = 1;
				GENERATE_INFOPLIST_FILE = YES;
				MACOSX_DEPLOYMENT_TARGET = 13.3;
				MARKETING_VERSION = 1.0;
				PRODUCT_BUNDLE_IDENTIFIER = mrktrace.app.PortfolioTests;
				PRODUCT_NAME = "$(TARGET_NAME)";
				SWIFT_EMIT_LOC_STRINGS = NO;
				SWIFT_VERSION = 5.0;
				TEST_HOST = "$(BUILT_PRODUCTS_DIR)/Portfolio.app/$(BUNDLE_EXECUTABLE_FOLDER_PATH)/Portfolio";
			};
			name = Debug;
		};
		0611FD682B0A9FBC008A6CDE /* Release */ = {
			isa = XCBuildConfiguration;
			buildSettings = {
				ALWAYS_EMBED_SWIFT_STANDARD_LIBRARIES = YES;
				BUNDLE_LOADER = "$(TEST_HOST)";
				CODE_SIGN_STYLE = Automatic;
				CURRENT_PROJECT_VERSION = 1;
				GENERATE_INFOPLIST_FILE = YES;
				MACOSX_DEPLOYMENT_TARGET = 13.3;
				MARKETING_VERSION = 1.0;
				PRODUCT_BUNDLE_IDENTIFIER = mrktrace.app.PortfolioTests;
				PRODUCT_NAME = "$(TARGET_NAME)";
				SWIFT_EMIT_LOC_STRINGS = NO;
				SWIFT_VERSION = 5.0;
				TEST_HOST = "$(BUILT_PRODUCTS_DIR)/Portfolio.app/$(BUNDLE_EXECUTABLE_FOLDER_PATH)/Portfolio";
			};
			name = Release;
		};
		0611FD6A2B0A9FBC008A6CDE /* Debug */ = {
			isa = XCBuildConfiguration;
			buildSettings = {
				ALWAYS_EMBED_SWIFT_STANDARD_LIBRARIES = YES;
				CODE_SIGN_STYLE = Automatic;
				CURRENT_PROJECT_VERSION = 1;
				GENERATE_INFOPLIST_FILE = YES;
				MARKETING_VERSION = 1.0;
				PRODUCT_BUNDLE_IDENTIFIER = mrktrace.app.PortfolioUITests;
				PRODUCT_NAME = "$(TARGET_NAME)";
				SWIFT_EMIT_LOC_STRINGS = NO;
				SWIFT_VERSION = 5.0;
				TEST_TARGET_NAME = Portfolio;
			};
			name = Debug;
		};
		0611FD6B2B0A9FBC008A6CDE /* Release */ = {
			isa = XCBuildConfiguration;
			buildSettings = {
				ALWAYS_EMBED_SWIFT_STANDARD_LIBRARIES = YES;
				CODE_SIGN_STYLE = Automatic;
				CURRENT_PROJECT_VERSION = 1;
				GENERATE_INFOPLIST_FILE = YES;
				MARKETING_VERSION = 1.0;
				PRODUCT_BUNDLE_IDENTIFIER = mrktrace.app.PortfolioUITests;
				PRODUCT_NAME = "$(TARGET_NAME)";
				SWIFT_EMIT_LOC_STRINGS = NO;
				SWIFT_VERSION = 5.0;
				TEST_TARGET_NAME = Portfolio;
			};
			name = Release;
		};
/* End XCBuildConfiguration section */

/* Begin XCConfigurationList section */
		0611FD392B0A9FBC008A6CDE /* Build configuration list for PBXProject "Portfolio" */ = {
			isa = XCConfigurationList;
			buildConfigurations = (
				0611FD612B0A9FBC008A6CDE /* Debug */,
				0611FD622B0A9FBC008A6CDE /* Release */,
			);
			defaultConfigurationIsVisible = 0;
			defaultConfigurationName = Release;
		};
		0611FD632B0A9FBC008A6CDE /* Build configuration list for PBXNativeTarget "Portfolio" */ = {
			isa = XCConfigurationList;
			buildConfigurations = (
				0611FD642B0A9FBC008A6CDE /* Debug */,
				0611FD652B0A9FBC008A6CDE /* Release */,
			);
			defaultConfigurationIsVisible = 0;
			defaultConfigurationName = Release;
		};
		0611FD662B0A9FBC008A6CDE /* Build configuration list for PBXNativeTarget "PortfolioTests" */ = {
			isa = XCConfigurationList;
			buildConfigurations = (
				0611FD672B0A9FBC008A6CDE /* Debug */,
				0611FD682B0A9FBC008A6CDE /* Release */,
			);
			defaultConfigurationIsVisible = 0;
			defaultConfigurationName = Release;
		};
		0611FD692B0A9FBC008A6CDE /* Build configuration list for PBXNativeTarget "PortfolioUITests" */ = {
			isa = XCConfigurationList;
			buildConfigurations = (
				0611FD6A2B0A9FBC008A6CDE /* Debug */,
				0611FD6B2B0A9FBC008A6CDE /* Release */,
			);
			defaultConfigurationIsVisible = 0;
			defaultConfigurationName = Release;
		};
/* End XCConfigurationList section */

/* Begin XCRemoteSwiftPackageReference section */
		0628890F2B31E77300F89279 /* XCRemoteSwiftPackageReference "Alamofire" */ = {
			isa = XCRemoteSwiftPackageReference;
			repositoryURL = "https://github.com/Alamofire/Alamofire";
			requirement = {
				kind = upToNextMajorVersion;
				minimumVersion = 5.8.1;
			};
		};
		06C0AD662B1E454C0003249B /* XCRemoteSwiftPackageReference "lottie-ios" */ = {
			isa = XCRemoteSwiftPackageReference;
			repositoryURL = "https://github.com/airbnb/lottie-ios";
			requirement = {
				kind = upToNextMajorVersion;
				minimumVersion = 4.3.4;
			};
		};
/* End XCRemoteSwiftPackageReference section */

/* Begin XCSwiftPackageProductDependency section */
		062889102B31E77300F89279 /* Alamofire */ = {
			isa = XCSwiftPackageProductDependency;
			package = 0628890F2B31E77300F89279 /* XCRemoteSwiftPackageReference "Alamofire" */;
			productName = Alamofire;
		};
		06C0AD672B1E454C0003249B /* Lottie */ = {
			isa = XCSwiftPackageProductDependency;
			package = 06C0AD662B1E454C0003249B /* XCRemoteSwiftPackageReference "lottie-ios" */;
			productName = Lottie;
		};
/* End XCSwiftPackageProductDependency section */
	};
	rootObject = 0611FD362B0A9FBC008A6CDE /* Project object */;
}
