// !$*UTF8*$!
{
	archiveVersion = 1;
	classes = {
	};
	objectVersion = 56;
	objects = {

/* Begin PBXBuildFile section */
		0611FD422B0A9FBC008A6CDE /* PortfolioApp.swift in Sources */ = {isa = PBXBuildFile; fileRef = 0611FD412B0A9FBC008A6CDE /* PortfolioApp.swift */; };
		0611FD462B0A9FBC008A6CDE /* Assets.xcassets in Resources */ = {isa = PBXBuildFile; fileRef = 0611FD452B0A9FBC008A6CDE /* Assets.xcassets */; };
		0611FD542B0A9FBC008A6CDE /* PortfolioTests.swift in Sources */ = {isa = PBXBuildFile; fileRef = 0611FD532B0A9FBC008A6CDE /* PortfolioTests.swift */; };
		0611FD5E2B0A9FBC008A6CDE /* PortfolioUITests.swift in Sources */ = {isa = PBXBuildFile; fileRef = 0611FD5D2B0A9FBC008A6CDE /* PortfolioUITests.swift */; };
		0611FD602B0A9FBC008A6CDE /* PortfolioUITestsLaunchTests.swift in Sources */ = {isa = PBXBuildFile; fileRef = 0611FD5F2B0A9FBC008A6CDE /* PortfolioUITestsLaunchTests.swift */; };
		0611FDCD2B0AA075008A6CDE /* ServicesInjector.swift in Sources */ = {isa = PBXBuildFile; fileRef = 0611FDCC2B0AA075008A6CDE /* ServicesInjector.swift */; };
		0611FDCE2B0AA075008A6CDE /* ServicesInjector.swift in Sources */ = {isa = PBXBuildFile; fileRef = 0611FDCC2B0AA075008A6CDE /* ServicesInjector.swift */; };
		0611FDDA2B0AA2D5008A6CDE /* ColorScheme.xcassets in Resources */ = {isa = PBXBuildFile; fileRef = 0611FDD92B0AA2D5008A6CDE /* ColorScheme.xcassets */; };
		0611FDDB2B0AA2D5008A6CDE /* ColorScheme.xcassets in Resources */ = {isa = PBXBuildFile; fileRef = 0611FDD92B0AA2D5008A6CDE /* ColorScheme.xcassets */; };
		0611FDDD2B0AA3D8008A6CDE /* ColorScheme.swift in Sources */ = {isa = PBXBuildFile; fileRef = 0611FDDC2B0AA3D8008A6CDE /* ColorScheme.swift */; };
		0611FDDE2B0AA3D8008A6CDE /* ColorScheme.swift in Sources */ = {isa = PBXBuildFile; fileRef = 0611FDDC2B0AA3D8008A6CDE /* ColorScheme.swift */; };
		0611FE012B0AA4A5008A6CDE /* AboutSceneView.swift in Sources */ = {isa = PBXBuildFile; fileRef = 0611FDE02B0AA4A5008A6CDE /* AboutSceneView.swift */; };
		0611FE022B0AA4A5008A6CDE /* AboutSceneView.swift in Sources */ = {isa = PBXBuildFile; fileRef = 0611FDE02B0AA4A5008A6CDE /* AboutSceneView.swift */; };
		0611FE032B0AA4A5008A6CDE /* AboutSceneFactory.swift in Sources */ = {isa = PBXBuildFile; fileRef = 0611FDE12B0AA4A5008A6CDE /* AboutSceneFactory.swift */; };
		0611FE042B0AA4A5008A6CDE /* AboutSceneFactory.swift in Sources */ = {isa = PBXBuildFile; fileRef = 0611FDE12B0AA4A5008A6CDE /* AboutSceneFactory.swift */; };
		0611FE052B0AA4A5008A6CDE /* AboutSceneRouter.swift in Sources */ = {isa = PBXBuildFile; fileRef = 0611FDE22B0AA4A5008A6CDE /* AboutSceneRouter.swift */; };
		0611FE062B0AA4A5008A6CDE /* AboutSceneRouter.swift in Sources */ = {isa = PBXBuildFile; fileRef = 0611FDE22B0AA4A5008A6CDE /* AboutSceneRouter.swift */; };
		0611FE072B0AA4A5008A6CDE /* AboutScenePresenter.swift in Sources */ = {isa = PBXBuildFile; fileRef = 0611FDE32B0AA4A5008A6CDE /* AboutScenePresenter.swift */; };
		0611FE082B0AA4A5008A6CDE /* AboutScenePresenter.swift in Sources */ = {isa = PBXBuildFile; fileRef = 0611FDE32B0AA4A5008A6CDE /* AboutScenePresenter.swift */; };
		0611FE092B0AA4A5008A6CDE /* AboutSceneInteractor.swift in Sources */ = {isa = PBXBuildFile; fileRef = 0611FDE42B0AA4A5008A6CDE /* AboutSceneInteractor.swift */; };
		0611FE0A2B0AA4A5008A6CDE /* AboutSceneInteractor.swift in Sources */ = {isa = PBXBuildFile; fileRef = 0611FDE42B0AA4A5008A6CDE /* AboutSceneInteractor.swift */; };
		0611FE0B2B0AA4A5008A6CDE /* ContactScenePresenter.swift in Sources */ = {isa = PBXBuildFile; fileRef = 0611FDE62B0AA4A5008A6CDE /* ContactScenePresenter.swift */; };
		0611FE0C2B0AA4A5008A6CDE /* ContactScenePresenter.swift in Sources */ = {isa = PBXBuildFile; fileRef = 0611FDE62B0AA4A5008A6CDE /* ContactScenePresenter.swift */; };
		0611FE0D2B0AA4A5008A6CDE /* ContactSceneInteractor.swift in Sources */ = {isa = PBXBuildFile; fileRef = 0611FDE72B0AA4A5008A6CDE /* ContactSceneInteractor.swift */; };
		0611FE0E2B0AA4A5008A6CDE /* ContactSceneInteractor.swift in Sources */ = {isa = PBXBuildFile; fileRef = 0611FDE72B0AA4A5008A6CDE /* ContactSceneInteractor.swift */; };
		0611FE0F2B0AA4A5008A6CDE /* ContactSceneRouter.swift in Sources */ = {isa = PBXBuildFile; fileRef = 0611FDE82B0AA4A5008A6CDE /* ContactSceneRouter.swift */; };
		0611FE102B0AA4A5008A6CDE /* ContactSceneRouter.swift in Sources */ = {isa = PBXBuildFile; fileRef = 0611FDE82B0AA4A5008A6CDE /* ContactSceneRouter.swift */; };
		0611FE112B0AA4A5008A6CDE /* ContactSceneFactory.swift in Sources */ = {isa = PBXBuildFile; fileRef = 0611FDE92B0AA4A5008A6CDE /* ContactSceneFactory.swift */; };
		0611FE122B0AA4A5008A6CDE /* ContactSceneFactory.swift in Sources */ = {isa = PBXBuildFile; fileRef = 0611FDE92B0AA4A5008A6CDE /* ContactSceneFactory.swift */; };
		0611FE132B0AA4A5008A6CDE /* ContactSceneView.swift in Sources */ = {isa = PBXBuildFile; fileRef = 0611FDEA2B0AA4A5008A6CDE /* ContactSceneView.swift */; };
		0611FE142B0AA4A5008A6CDE /* ContactSceneView.swift in Sources */ = {isa = PBXBuildFile; fileRef = 0611FDEA2B0AA4A5008A6CDE /* ContactSceneView.swift */; };
		0611FE152B0AA4A5008A6CDE /* NavigationWrapperView.swift in Sources */ = {isa = PBXBuildFile; fileRef = 0611FDEC2B0AA4A5008A6CDE /* NavigationWrapperView.swift */; };
		0611FE162B0AA4A5008A6CDE /* NavigationWrapperView.swift in Sources */ = {isa = PBXBuildFile; fileRef = 0611FDEC2B0AA4A5008A6CDE /* NavigationWrapperView.swift */; };
		0611FE172B0AA4A5008A6CDE /* NavigationCoordinator.swift in Sources */ = {isa = PBXBuildFile; fileRef = 0611FDED2B0AA4A5008A6CDE /* NavigationCoordinator.swift */; };
		0611FE182B0AA4A5008A6CDE /* NavigationCoordinator.swift in Sources */ = {isa = PBXBuildFile; fileRef = 0611FDED2B0AA4A5008A6CDE /* NavigationCoordinator.swift */; };
		0611FE192B0AA4A5008A6CDE /* Factory.swift in Sources */ = {isa = PBXBuildFile; fileRef = 0611FDEE2B0AA4A5008A6CDE /* Factory.swift */; };
		0611FE1A2B0AA4A5008A6CDE /* Factory.swift in Sources */ = {isa = PBXBuildFile; fileRef = 0611FDEE2B0AA4A5008A6CDE /* Factory.swift */; };
		0611FE1B2B0AA4A5008A6CDE /* ExperiencesScenePresenter.swift in Sources */ = {isa = PBXBuildFile; fileRef = 0611FDF02B0AA4A5008A6CDE /* ExperiencesScenePresenter.swift */; };
		0611FE1C2B0AA4A5008A6CDE /* ExperiencesScenePresenter.swift in Sources */ = {isa = PBXBuildFile; fileRef = 0611FDF02B0AA4A5008A6CDE /* ExperiencesScenePresenter.swift */; };
		0611FE1D2B0AA4A5008A6CDE /* ExperiencesSceneFactory.swift in Sources */ = {isa = PBXBuildFile; fileRef = 0611FDF12B0AA4A5008A6CDE /* ExperiencesSceneFactory.swift */; };
		0611FE1E2B0AA4A5008A6CDE /* ExperiencesSceneFactory.swift in Sources */ = {isa = PBXBuildFile; fileRef = 0611FDF12B0AA4A5008A6CDE /* ExperiencesSceneFactory.swift */; };
		0611FE1F2B0AA4A5008A6CDE /* ExperiencesSceneInteractor.swift in Sources */ = {isa = PBXBuildFile; fileRef = 0611FDF22B0AA4A5008A6CDE /* ExperiencesSceneInteractor.swift */; };
		0611FE202B0AA4A5008A6CDE /* ExperiencesSceneInteractor.swift in Sources */ = {isa = PBXBuildFile; fileRef = 0611FDF22B0AA4A5008A6CDE /* ExperiencesSceneInteractor.swift */; };
		0611FE212B0AA4A5008A6CDE /* ExperiencesSceneView.swift in Sources */ = {isa = PBXBuildFile; fileRef = 0611FDF32B0AA4A5008A6CDE /* ExperiencesSceneView.swift */; };
		0611FE222B0AA4A5008A6CDE /* ExperiencesSceneView.swift in Sources */ = {isa = PBXBuildFile; fileRef = 0611FDF32B0AA4A5008A6CDE /* ExperiencesSceneView.swift */; };
		0611FE232B0AA4A5008A6CDE /* ExperiencesSceneRouter.swift in Sources */ = {isa = PBXBuildFile; fileRef = 0611FDF42B0AA4A5008A6CDE /* ExperiencesSceneRouter.swift */; };
		0611FE242B0AA4A5008A6CDE /* ExperiencesSceneRouter.swift in Sources */ = {isa = PBXBuildFile; fileRef = 0611FDF42B0AA4A5008A6CDE /* ExperiencesSceneRouter.swift */; };
		0611FE252B0AA4A5008A6CDE /* MainSceneView.swift in Sources */ = {isa = PBXBuildFile; fileRef = 0611FDF62B0AA4A5008A6CDE /* MainSceneView.swift */; };
		0611FE262B0AA4A5008A6CDE /* MainSceneView.swift in Sources */ = {isa = PBXBuildFile; fileRef = 0611FDF62B0AA4A5008A6CDE /* MainSceneView.swift */; };
		0611FE272B0AA4A5008A6CDE /* MainSceneRouter.swift in Sources */ = {isa = PBXBuildFile; fileRef = 0611FDF72B0AA4A5008A6CDE /* MainSceneRouter.swift */; };
		0611FE282B0AA4A5008A6CDE /* MainSceneRouter.swift in Sources */ = {isa = PBXBuildFile; fileRef = 0611FDF72B0AA4A5008A6CDE /* MainSceneRouter.swift */; };
		0611FE292B0AA4A5008A6CDE /* MainSceneFactory.swift in Sources */ = {isa = PBXBuildFile; fileRef = 0611FDF82B0AA4A5008A6CDE /* MainSceneFactory.swift */; };
		0611FE2A2B0AA4A5008A6CDE /* MainSceneFactory.swift in Sources */ = {isa = PBXBuildFile; fileRef = 0611FDF82B0AA4A5008A6CDE /* MainSceneFactory.swift */; };
		0611FE2B2B0AA4A5008A6CDE /* MainSceneInteractor.swift in Sources */ = {isa = PBXBuildFile; fileRef = 0611FDF92B0AA4A5008A6CDE /* MainSceneInteractor.swift */; };
		0611FE2C2B0AA4A5008A6CDE /* MainSceneInteractor.swift in Sources */ = {isa = PBXBuildFile; fileRef = 0611FDF92B0AA4A5008A6CDE /* MainSceneInteractor.swift */; };
		0611FE2D2B0AA4A5008A6CDE /* MainScenePresenter.swift in Sources */ = {isa = PBXBuildFile; fileRef = 0611FDFA2B0AA4A5008A6CDE /* MainScenePresenter.swift */; };
		0611FE2E2B0AA4A5008A6CDE /* MainScenePresenter.swift in Sources */ = {isa = PBXBuildFile; fileRef = 0611FDFA2B0AA4A5008A6CDE /* MainScenePresenter.swift */; };
		0611FE2F2B0AA4A5008A6CDE /* PrinciplesSceneRouter.swift in Sources */ = {isa = PBXBuildFile; fileRef = 0611FDFC2B0AA4A5008A6CDE /* PrinciplesSceneRouter.swift */; };
		0611FE302B0AA4A5008A6CDE /* PrinciplesSceneRouter.swift in Sources */ = {isa = PBXBuildFile; fileRef = 0611FDFC2B0AA4A5008A6CDE /* PrinciplesSceneRouter.swift */; };
		0611FE312B0AA4A5008A6CDE /* PrinciplesSceneView.swift in Sources */ = {isa = PBXBuildFile; fileRef = 0611FDFD2B0AA4A5008A6CDE /* PrinciplesSceneView.swift */; };
		0611FE322B0AA4A5008A6CDE /* PrinciplesSceneView.swift in Sources */ = {isa = PBXBuildFile; fileRef = 0611FDFD2B0AA4A5008A6CDE /* PrinciplesSceneView.swift */; };
		0611FE332B0AA4A5008A6CDE /* PrinciplesSceneInteractor.swift in Sources */ = {isa = PBXBuildFile; fileRef = 0611FDFE2B0AA4A5008A6CDE /* PrinciplesSceneInteractor.swift */; };
		0611FE342B0AA4A5008A6CDE /* PrinciplesSceneInteractor.swift in Sources */ = {isa = PBXBuildFile; fileRef = 0611FDFE2B0AA4A5008A6CDE /* PrinciplesSceneInteractor.swift */; };
		0611FE352B0AA4A5008A6CDE /* PrinciplesScenePresenter.swift in Sources */ = {isa = PBXBuildFile; fileRef = 0611FDFF2B0AA4A5008A6CDE /* PrinciplesScenePresenter.swift */; };
		0611FE362B0AA4A5008A6CDE /* PrinciplesScenePresenter.swift in Sources */ = {isa = PBXBuildFile; fileRef = 0611FDFF2B0AA4A5008A6CDE /* PrinciplesScenePresenter.swift */; };
		0611FE372B0AA4A5008A6CDE /* PrinciplesSceneFactory.swift in Sources */ = {isa = PBXBuildFile; fileRef = 0611FE002B0AA4A5008A6CDE /* PrinciplesSceneFactory.swift */; };
		0611FE382B0AA4A5008A6CDE /* PrinciplesSceneFactory.swift in Sources */ = {isa = PBXBuildFile; fileRef = 0611FE002B0AA4A5008A6CDE /* PrinciplesSceneFactory.swift */; };
		0611FE3B2B0AA60C008A6CDE /* Localizables.strings in Resources */ = {isa = PBXBuildFile; fileRef = 0611FE3A2B0AA60C008A6CDE /* Localizables.strings */; };
		0611FE3C2B0AA60C008A6CDE /* Localizables.strings in Resources */ = {isa = PBXBuildFile; fileRef = 0611FE3A2B0AA60C008A6CDE /* Localizables.strings */; };
		0611FE3E2B0AA616008A6CDE /* Localizables.swift in Sources */ = {isa = PBXBuildFile; fileRef = 0611FE3D2B0AA616008A6CDE /* Localizables.swift */; };
		0611FE3F2B0AA616008A6CDE /* Localizables.swift in Sources */ = {isa = PBXBuildFile; fileRef = 0611FE3D2B0AA616008A6CDE /* Localizables.swift */; };
		0611FE412B0AA634008A6CDE /* Icons.xcassets in Resources */ = {isa = PBXBuildFile; fileRef = 0611FE402B0AA634008A6CDE /* Icons.xcassets */; };
		0611FE422B0AA634008A6CDE /* Icons.xcassets in Resources */ = {isa = PBXBuildFile; fileRef = 0611FE402B0AA634008A6CDE /* Icons.xcassets */; };
		0611FE442B0AA63A008A6CDE /* Icons.swift in Sources */ = {isa = PBXBuildFile; fileRef = 0611FE432B0AA63A008A6CDE /* Icons.swift */; };
		0611FE452B0AA63A008A6CDE /* Icons.swift in Sources */ = {isa = PBXBuildFile; fileRef = 0611FE432B0AA63A008A6CDE /* Icons.swift */; };
/* End PBXBuildFile section */

/* Begin PBXContainerItemProxy section */
		0611FD502B0A9FBC008A6CDE /* PBXContainerItemProxy */ = {
			isa = PBXContainerItemProxy;
			containerPortal = 0611FD362B0A9FBC008A6CDE /* Project object */;
			proxyType = 1;
			remoteGlobalIDString = 0611FD3D2B0A9FBC008A6CDE;
			remoteInfo = Portfolio;
		};
		0611FD5A2B0A9FBC008A6CDE /* PBXContainerItemProxy */ = {
			isa = PBXContainerItemProxy;
			containerPortal = 0611FD362B0A9FBC008A6CDE /* Project object */;
			proxyType = 1;
			remoteGlobalIDString = 0611FD3D2B0A9FBC008A6CDE;
			remoteInfo = Portfolio;
		};
/* End PBXContainerItemProxy section */

/* Begin PBXFileReference section */
		0611FD3E2B0A9FBC008A6CDE /* Portfolio.app */ = {isa = PBXFileReference; explicitFileType = wrapper.application; includeInIndex = 0; path = Portfolio.app; sourceTree = BUILT_PRODUCTS_DIR; };
		0611FD412B0A9FBC008A6CDE /* PortfolioApp.swift */ = {isa = PBXFileReference; lastKnownFileType = sourcecode.swift; path = PortfolioApp.swift; sourceTree = "<group>"; };
		0611FD452B0A9FBC008A6CDE /* Assets.xcassets */ = {isa = PBXFileReference; lastKnownFileType = folder.assetcatalog; path = Assets.xcassets; sourceTree = "<group>"; };
		0611FD4A2B0A9FBC008A6CDE /* Portfolio.entitlements */ = {isa = PBXFileReference; lastKnownFileType = text.plist.entitlements; path = Portfolio.entitlements; sourceTree = "<group>"; };
		0611FD4F2B0A9FBC008A6CDE /* PortfolioTests.xctest */ = {isa = PBXFileReference; explicitFileType = wrapper.cfbundle; includeInIndex = 0; path = PortfolioTests.xctest; sourceTree = BUILT_PRODUCTS_DIR; };
		0611FD532B0A9FBC008A6CDE /* PortfolioTests.swift */ = {isa = PBXFileReference; lastKnownFileType = sourcecode.swift; path = PortfolioTests.swift; sourceTree = "<group>"; };
		0611FD592B0A9FBC008A6CDE /* PortfolioUITests.xctest */ = {isa = PBXFileReference; explicitFileType = wrapper.cfbundle; includeInIndex = 0; path = PortfolioUITests.xctest; sourceTree = BUILT_PRODUCTS_DIR; };
		0611FD5D2B0A9FBC008A6CDE /* PortfolioUITests.swift */ = {isa = PBXFileReference; lastKnownFileType = sourcecode.swift; path = PortfolioUITests.swift; sourceTree = "<group>"; };
		0611FD5F2B0A9FBC008A6CDE /* PortfolioUITestsLaunchTests.swift */ = {isa = PBXFileReference; lastKnownFileType = sourcecode.swift; path = PortfolioUITestsLaunchTests.swift; sourceTree = "<group>"; };
		0611FDCC2B0AA075008A6CDE /* ServicesInjector.swift */ = {isa = PBXFileReference; lastKnownFileType = sourcecode.swift; path = ServicesInjector.swift; sourceTree = "<group>"; };
		0611FDD92B0AA2D5008A6CDE /* ColorScheme.xcassets */ = {isa = PBXFileReference; lastKnownFileType = folder.assetcatalog; path = ColorScheme.xcassets; sourceTree = "<group>"; };
		0611FDDC2B0AA3D8008A6CDE /* ColorScheme.swift */ = {isa = PBXFileReference; fileEncoding = 4; lastKnownFileType = sourcecode.swift; path = ColorScheme.swift; sourceTree = "<group>"; };
		0611FDE02B0AA4A5008A6CDE /* AboutSceneView.swift */ = {isa = PBXFileReference; fileEncoding = 4; lastKnownFileType = sourcecode.swift; path = AboutSceneView.swift; sourceTree = "<group>"; };
		0611FDE12B0AA4A5008A6CDE /* AboutSceneFactory.swift */ = {isa = PBXFileReference; fileEncoding = 4; lastKnownFileType = sourcecode.swift; path = AboutSceneFactory.swift; sourceTree = "<group>"; };
		0611FDE22B0AA4A5008A6CDE /* AboutSceneRouter.swift */ = {isa = PBXFileReference; fileEncoding = 4; lastKnownFileType = sourcecode.swift; path = AboutSceneRouter.swift; sourceTree = "<group>"; };
		0611FDE32B0AA4A5008A6CDE /* AboutScenePresenter.swift */ = {isa = PBXFileReference; fileEncoding = 4; lastKnownFileType = sourcecode.swift; path = AboutScenePresenter.swift; sourceTree = "<group>"; };
		0611FDE42B0AA4A5008A6CDE /* AboutSceneInteractor.swift */ = {isa = PBXFileReference; fileEncoding = 4; lastKnownFileType = sourcecode.swift; path = AboutSceneInteractor.swift; sourceTree = "<group>"; };
		0611FDE62B0AA4A5008A6CDE /* ContactScenePresenter.swift */ = {isa = PBXFileReference; fileEncoding = 4; lastKnownFileType = sourcecode.swift; path = ContactScenePresenter.swift; sourceTree = "<group>"; };
		0611FDE72B0AA4A5008A6CDE /* ContactSceneInteractor.swift */ = {isa = PBXFileReference; fileEncoding = 4; lastKnownFileType = sourcecode.swift; path = ContactSceneInteractor.swift; sourceTree = "<group>"; };
		0611FDE82B0AA4A5008A6CDE /* ContactSceneRouter.swift */ = {isa = PBXFileReference; fileEncoding = 4; lastKnownFileType = sourcecode.swift; path = ContactSceneRouter.swift; sourceTree = "<group>"; };
		0611FDE92B0AA4A5008A6CDE /* ContactSceneFactory.swift */ = {isa = PBXFileReference; fileEncoding = 4; lastKnownFileType = sourcecode.swift; path = ContactSceneFactory.swift; sourceTree = "<group>"; };
		0611FDEA2B0AA4A5008A6CDE /* ContactSceneView.swift */ = {isa = PBXFileReference; fileEncoding = 4; lastKnownFileType = sourcecode.swift; path = ContactSceneView.swift; sourceTree = "<group>"; };
		0611FDEC2B0AA4A5008A6CDE /* NavigationWrapperView.swift */ = {isa = PBXFileReference; fileEncoding = 4; lastKnownFileType = sourcecode.swift; path = NavigationWrapperView.swift; sourceTree = "<group>"; };
		0611FDED2B0AA4A5008A6CDE /* NavigationCoordinator.swift */ = {isa = PBXFileReference; fileEncoding = 4; lastKnownFileType = sourcecode.swift; path = NavigationCoordinator.swift; sourceTree = "<group>"; };
		0611FDEE2B0AA4A5008A6CDE /* Factory.swift */ = {isa = PBXFileReference; fileEncoding = 4; lastKnownFileType = sourcecode.swift; path = Factory.swift; sourceTree = "<group>"; };
		0611FDF02B0AA4A5008A6CDE /* ExperiencesScenePresenter.swift */ = {isa = PBXFileReference; fileEncoding = 4; lastKnownFileType = sourcecode.swift; path = ExperiencesScenePresenter.swift; sourceTree = "<group>"; };
		0611FDF12B0AA4A5008A6CDE /* ExperiencesSceneFactory.swift */ = {isa = PBXFileReference; fileEncoding = 4; lastKnownFileType = sourcecode.swift; path = ExperiencesSceneFactory.swift; sourceTree = "<group>"; };
		0611FDF22B0AA4A5008A6CDE /* ExperiencesSceneInteractor.swift */ = {isa = PBXFileReference; fileEncoding = 4; lastKnownFileType = sourcecode.swift; path = ExperiencesSceneInteractor.swift; sourceTree = "<group>"; };
		0611FDF32B0AA4A5008A6CDE /* ExperiencesSceneView.swift */ = {isa = PBXFileReference; fileEncoding = 4; lastKnownFileType = sourcecode.swift; path = ExperiencesSceneView.swift; sourceTree = "<group>"; };
		0611FDF42B0AA4A5008A6CDE /* ExperiencesSceneRouter.swift */ = {isa = PBXFileReference; fileEncoding = 4; lastKnownFileType = sourcecode.swift; path = ExperiencesSceneRouter.swift; sourceTree = "<group>"; };
		0611FDF62B0AA4A5008A6CDE /* MainSceneView.swift */ = {isa = PBXFileReference; fileEncoding = 4; lastKnownFileType = sourcecode.swift; path = MainSceneView.swift; sourceTree = "<group>"; };
		0611FDF72B0AA4A5008A6CDE /* MainSceneRouter.swift */ = {isa = PBXFileReference; fileEncoding = 4; lastKnownFileType = sourcecode.swift; path = MainSceneRouter.swift; sourceTree = "<group>"; };
		0611FDF82B0AA4A5008A6CDE /* MainSceneFactory.swift */ = {isa = PBXFileReference; fileEncoding = 4; lastKnownFileType = sourcecode.swift; path = MainSceneFactory.swift; sourceTree = "<group>"; };
		0611FDF92B0AA4A5008A6CDE /* MainSceneInteractor.swift */ = {isa = PBXFileReference; fileEncoding = 4; lastKnownFileType = sourcecode.swift; path = MainSceneInteractor.swift; sourceTree = "<group>"; };
		0611FDFA2B0AA4A5008A6CDE /* MainScenePresenter.swift */ = {isa = PBXFileReference; fileEncoding = 4; lastKnownFileType = sourcecode.swift; path = MainScenePresenter.swift; sourceTree = "<group>"; };
		0611FDFC2B0AA4A5008A6CDE /* PrinciplesSceneRouter.swift */ = {isa = PBXFileReference; fileEncoding = 4; lastKnownFileType = sourcecode.swift; path = PrinciplesSceneRouter.swift; sourceTree = "<group>"; };
		0611FDFD2B0AA4A5008A6CDE /* PrinciplesSceneView.swift */ = {isa = PBXFileReference; fileEncoding = 4; lastKnownFileType = sourcecode.swift; path = PrinciplesSceneView.swift; sourceTree = "<group>"; };
		0611FDFE2B0AA4A5008A6CDE /* PrinciplesSceneInteractor.swift */ = {isa = PBXFileReference; fileEncoding = 4; lastKnownFileType = sourcecode.swift; path = PrinciplesSceneInteractor.swift; sourceTree = "<group>"; };
		0611FDFF2B0AA4A5008A6CDE /* PrinciplesScenePresenter.swift */ = {isa = PBXFileReference; fileEncoding = 4; lastKnownFileType = sourcecode.swift; path = PrinciplesScenePresenter.swift; sourceTree = "<group>"; };
		0611FE002B0AA4A5008A6CDE /* PrinciplesSceneFactory.swift */ = {isa = PBXFileReference; fileEncoding = 4; lastKnownFileType = sourcecode.swift; path = PrinciplesSceneFactory.swift; sourceTree = "<group>"; };
		0611FE3A2B0AA60C008A6CDE /* Localizables.strings */ = {isa = PBXFileReference; lastKnownFileType = text.plist.strings; path = Localizables.strings; sourceTree = "<group>"; };
		0611FE3D2B0AA616008A6CDE /* Localizables.swift */ = {isa = PBXFileReference; lastKnownFileType = sourcecode.swift; path = Localizables.swift; sourceTree = "<group>"; };
		0611FE402B0AA634008A6CDE /* Icons.xcassets */ = {isa = PBXFileReference; lastKnownFileType = folder.assetcatalog; path = Icons.xcassets; sourceTree = "<group>"; };
		0611FE432B0AA63A008A6CDE /* Icons.swift */ = {isa = PBXFileReference; lastKnownFileType = sourcecode.swift; path = Icons.swift; sourceTree = "<group>"; };
/* End PBXFileReference section */

/* Begin PBXFrameworksBuildPhase section */
		0611FD3B2B0A9FBC008A6CDE /* Frameworks */ = {
			isa = PBXFrameworksBuildPhase;
			buildActionMask = 2147483647;
			files = (
			);
			runOnlyForDeploymentPostprocessing = 0;
		};
		0611FD4C2B0A9FBC008A6CDE /* Frameworks */ = {
			isa = PBXFrameworksBuildPhase;
			buildActionMask = 2147483647;
			files = (
			);
			runOnlyForDeploymentPostprocessing = 0;
		};
		0611FD562B0A9FBC008A6CDE /* Frameworks */ = {
			isa = PBXFrameworksBuildPhase;
			buildActionMask = 2147483647;
			files = (
			);
			runOnlyForDeploymentPostprocessing = 0;
		};
/* End PBXFrameworksBuildPhase section */

/* Begin PBXGroup section */
		0611FD352B0A9FBC008A6CDE = {
			isa = PBXGroup;
			children = (
				0611FD402B0A9FBC008A6CDE /* Portfolio */,
				0611FD522B0A9FBC008A6CDE /* PortfolioTests */,
				0611FD5C2B0A9FBC008A6CDE /* PortfolioUITests */,
				0611FD3F2B0A9FBC008A6CDE /* Products */,
			);
			sourceTree = "<group>";
		};
		0611FD3F2B0A9FBC008A6CDE /* Products */ = {
			isa = PBXGroup;
			children = (
				0611FD3E2B0A9FBC008A6CDE /* Portfolio.app */,
				0611FD4F2B0A9FBC008A6CDE /* PortfolioTests.xctest */,
				0611FD592B0A9FBC008A6CDE /* PortfolioUITests.xctest */,
			);
			name = Products;
			sourceTree = "<group>";
		};
		0611FD402B0A9FBC008A6CDE /* Portfolio */ = {
			isa = PBXGroup;
			children = (
				0611FD952B0AA024008A6CDE /* res */,
				0611FD6C2B0AA024008A6CDE /* src */,
				0611FD412B0A9FBC008A6CDE /* PortfolioApp.swift */,
				0611FD4A2B0A9FBC008A6CDE /* Portfolio.entitlements */,
			);
			path = Portfolio;
			sourceTree = "<group>";
		};
		0611FD522B0A9FBC008A6CDE /* PortfolioTests */ = {
			isa = PBXGroup;
			children = (
				0611FD532B0A9FBC008A6CDE /* PortfolioTests.swift */,
			);
			path = PortfolioTests;
			sourceTree = "<group>";
		};
		0611FD5C2B0A9FBC008A6CDE /* PortfolioUITests */ = {
			isa = PBXGroup;
			children = (
				0611FD5D2B0A9FBC008A6CDE /* PortfolioUITests.swift */,
				0611FD5F2B0A9FBC008A6CDE /* PortfolioUITestsLaunchTests.swift */,
			);
			path = PortfolioUITests;
			sourceTree = "<group>";
		};
		0611FD6C2B0AA024008A6CDE /* src */ = {
			isa = PBXGroup;
			children = (
				0611FD6D2B0AA024008A6CDE /* ui */,
				0611FD8F2B0AA024008A6CDE /* core */,
			);
			path = src;
			sourceTree = "<group>";
		};
		0611FD6D2B0AA024008A6CDE /* ui */ = {
			isa = PBXGroup;
			children = (
				0611FD6E2B0AA024008A6CDE /* scenes */,
				0611FD8D2B0AA024008A6CDE /* modifiers */,
				0611FD8E2B0AA024008A6CDE /* views */,
			);
			path = ui;
			sourceTree = "<group>";
		};
		0611FD6E2B0AA024008A6CDE /* scenes */ = {
			isa = PBXGroup;
			children = (
				0611FDEB2B0AA4A5008A6CDE /* generic */,
				0611FDDF2B0AA4A5008A6CDE /* about */,
				0611FDE52B0AA4A5008A6CDE /* contact */,
				0611FDEF2B0AA4A5008A6CDE /* experiences */,
				0611FDF52B0AA4A5008A6CDE /* main */,
				0611FDFB2B0AA4A5008A6CDE /* principles */,
			);
			path = scenes;
			sourceTree = "<group>";
		};
		0611FD8D2B0AA024008A6CDE /* modifiers */ = {
			isa = PBXGroup;
			children = (
			);
			path = modifiers;
			sourceTree = "<group>";
		};
		0611FD8E2B0AA024008A6CDE /* views */ = {
			isa = PBXGroup;
			children = (
			);
			path = views;
			sourceTree = "<group>";
		};
		0611FD8F2B0AA024008A6CDE /* core */ = {
			isa = PBXGroup;
			children = (
				0611FD902B0AA024008A6CDE /* network */,
				0611FD912B0AA024008A6CDE /* utils */,
				0611FD932B0AA024008A6CDE /* extensions */,
				0611FD942B0AA024008A6CDE /* model */,
			);
			path = core;
			sourceTree = "<group>";
		};
		0611FD902B0AA024008A6CDE /* network */ = {
			isa = PBXGroup;
			children = (
			);
			path = network;
			sourceTree = "<group>";
		};
		0611FD912B0AA024008A6CDE /* utils */ = {
			isa = PBXGroup;
			children = (
				0611FD922B0AA024008A6CDE /* services */,
			);
			path = utils;
			sourceTree = "<group>";
		};
		0611FD922B0AA024008A6CDE /* services */ = {
			isa = PBXGroup;
			children = (
				0611FDCC2B0AA075008A6CDE /* ServicesInjector.swift */,
			);
			path = services;
			sourceTree = "<group>";
		};
		0611FD932B0AA024008A6CDE /* extensions */ = {
			isa = PBXGroup;
			children = (
			);
			path = extensions;
			sourceTree = "<group>";
		};
		0611FD942B0AA024008A6CDE /* model */ = {
			isa = PBXGroup;
			children = (
			);
			path = model;
			sourceTree = "<group>";
		};
		0611FD952B0AA024008A6CDE /* res */ = {
			isa = PBXGroup;
			children = (
				0611FD452B0A9FBC008A6CDE /* Assets.xcassets */,
				0611FD962B0AA024008A6CDE /* localizables */,
				0611FD972B0AA024008A6CDE /* colors */,
				0611FD982B0AA024008A6CDE /* icons */,
				0611FD992B0AA024008A6CDE /* fonts */,
			);
			path = res;
			sourceTree = "<group>";
		};
		0611FD962B0AA024008A6CDE /* localizables */ = {
			isa = PBXGroup;
			children = (
				0611FE3A2B0AA60C008A6CDE /* Localizables.strings */,
				0611FE3D2B0AA616008A6CDE /* Localizables.swift */,
			);
			path = localizables;
			sourceTree = "<group>";
		};
		0611FD972B0AA024008A6CDE /* colors */ = {
			isa = PBXGroup;
			children = (
				0611FDD92B0AA2D5008A6CDE /* ColorScheme.xcassets */,
				0611FDDC2B0AA3D8008A6CDE /* ColorScheme.swift */,
			);
			path = colors;
			sourceTree = "<group>";
		};
		0611FD982B0AA024008A6CDE /* icons */ = {
			isa = PBXGroup;
			children = (
				0611FE402B0AA634008A6CDE /* Icons.xcassets */,
				0611FE432B0AA63A008A6CDE /* Icons.swift */,
			);
			path = icons;
			sourceTree = "<group>";
		};
		0611FD992B0AA024008A6CDE /* fonts */ = {
			isa = PBXGroup;
			children = (
			);
			path = fonts;
			sourceTree = "<group>";
		};
		0611FDDF2B0AA4A5008A6CDE /* about */ = {
			isa = PBXGroup;
			children = (
				0611FDE02B0AA4A5008A6CDE /* AboutSceneView.swift */,
				0611FDE12B0AA4A5008A6CDE /* AboutSceneFactory.swift */,
				0611FDE22B0AA4A5008A6CDE /* AboutSceneRouter.swift */,
				0611FDE32B0AA4A5008A6CDE /* AboutScenePresenter.swift */,
				0611FDE42B0AA4A5008A6CDE /* AboutSceneInteractor.swift */,
			);
			path = about;
			sourceTree = "<group>";
		};
		0611FDE52B0AA4A5008A6CDE /* contact */ = {
			isa = PBXGroup;
			children = (
				0611FDE62B0AA4A5008A6CDE /* ContactScenePresenter.swift */,
				0611FDE72B0AA4A5008A6CDE /* ContactSceneInteractor.swift */,
				0611FDE82B0AA4A5008A6CDE /* ContactSceneRouter.swift */,
				0611FDE92B0AA4A5008A6CDE /* ContactSceneFactory.swift */,
				0611FDEA2B0AA4A5008A6CDE /* ContactSceneView.swift */,
			);
			path = contact;
			sourceTree = "<group>";
		};
		0611FDEB2B0AA4A5008A6CDE /* generic */ = {
			isa = PBXGroup;
			children = (
				0611FDEC2B0AA4A5008A6CDE /* NavigationWrapperView.swift */,
				0611FDED2B0AA4A5008A6CDE /* NavigationCoordinator.swift */,
				0611FDEE2B0AA4A5008A6CDE /* Factory.swift */,
			);
			path = generic;
			sourceTree = "<group>";
		};
		0611FDEF2B0AA4A5008A6CDE /* experiences */ = {
			isa = PBXGroup;
			children = (
				0611FDF02B0AA4A5008A6CDE /* ExperiencesScenePresenter.swift */,
				0611FDF12B0AA4A5008A6CDE /* ExperiencesSceneFactory.swift */,
				0611FDF22B0AA4A5008A6CDE /* ExperiencesSceneInteractor.swift */,
				0611FDF32B0AA4A5008A6CDE /* ExperiencesSceneView.swift */,
				0611FDF42B0AA4A5008A6CDE /* ExperiencesSceneRouter.swift */,
			);
			path = experiences;
			sourceTree = "<group>";
		};
		0611FDF52B0AA4A5008A6CDE /* main */ = {
			isa = PBXGroup;
			children = (
				0611FDF62B0AA4A5008A6CDE /* MainSceneView.swift */,
				0611FDF72B0AA4A5008A6CDE /* MainSceneRouter.swift */,
				0611FDF82B0AA4A5008A6CDE /* MainSceneFactory.swift */,
				0611FDF92B0AA4A5008A6CDE /* MainSceneInteractor.swift */,
				0611FDFA2B0AA4A5008A6CDE /* MainScenePresenter.swift */,
			);
			path = main;
			sourceTree = "<group>";
		};
		0611FDFB2B0AA4A5008A6CDE /* principles */ = {
			isa = PBXGroup;
			children = (
				0611FDFC2B0AA4A5008A6CDE /* PrinciplesSceneRouter.swift */,
				0611FDFD2B0AA4A5008A6CDE /* PrinciplesSceneView.swift */,
				0611FDFE2B0AA4A5008A6CDE /* PrinciplesSceneInteractor.swift */,
				0611FDFF2B0AA4A5008A6CDE /* PrinciplesScenePresenter.swift */,
				0611FE002B0AA4A5008A6CDE /* PrinciplesSceneFactory.swift */,
			);
			path = principles;
			sourceTree = "<group>";
		};
/* End PBXGroup section */

/* Begin PBXNativeTarget section */
		0611FD3D2B0A9FBC008A6CDE /* Portfolio */ = {
			isa = PBXNativeTarget;
			buildConfigurationList = 0611FD632B0A9FBC008A6CDE /* Build configuration list for PBXNativeTarget "Portfolio" */;
			buildPhases = (
				0611FE392B0AA5DC008A6CDE /* SwiftGen */,
				0611FD3A2B0A9FBC008A6CDE /* Sources */,
				0611FD3B2B0A9FBC008A6CDE /* Frameworks */,
				0611FD3C2B0A9FBC008A6CDE /* Resources */,
			);
			buildRules = (
			);
			dependencies = (
			);
			name = Portfolio;
			productName = Portfolio;
			productReference = 0611FD3E2B0A9FBC008A6CDE /* Portfolio.app */;
			productType = "com.apple.product-type.application";
		};
		0611FD4E2B0A9FBC008A6CDE /* PortfolioTests */ = {
			isa = PBXNativeTarget;
			buildConfigurationList = 0611FD662B0A9FBC008A6CDE /* Build configuration list for PBXNativeTarget "PortfolioTests" */;
			buildPhases = (
				0611FD4B2B0A9FBC008A6CDE /* Sources */,
				0611FD4C2B0A9FBC008A6CDE /* Frameworks */,
				0611FD4D2B0A9FBC008A6CDE /* Resources */,
			);
			buildRules = (
			);
			dependencies = (
				0611FD512B0A9FBC008A6CDE /* PBXTargetDependency */,
			);
			name = PortfolioTests;
			productName = PortfolioTests;
			productReference = 0611FD4F2B0A9FBC008A6CDE /* PortfolioTests.xctest */;
			productType = "com.apple.product-type.bundle.unit-test";
		};
		0611FD582B0A9FBC008A6CDE /* PortfolioUITests */ = {
			isa = PBXNativeTarget;
			buildConfigurationList = 0611FD692B0A9FBC008A6CDE /* Build configuration list for PBXNativeTarget "PortfolioUITests" */;
			buildPhases = (
				0611FD552B0A9FBC008A6CDE /* Sources */,
				0611FD562B0A9FBC008A6CDE /* Frameworks */,
				0611FD572B0A9FBC008A6CDE /* Resources */,
			);
			buildRules = (
			);
			dependencies = (
				0611FD5B2B0A9FBC008A6CDE /* PBXTargetDependency */,
			);
			name = PortfolioUITests;
			productName = PortfolioUITests;
			productReference = 0611FD592B0A9FBC008A6CDE /* PortfolioUITests.xctest */;
			productType = "com.apple.product-type.bundle.ui-testing";
		};
/* End PBXNativeTarget section */

/* Begin PBXProject section */
		0611FD362B0A9FBC008A6CDE /* Project object */ = {
			isa = PBXProject;
			attributes = {
				BuildIndependentTargetsInParallel = 1;
				LastSwiftUpdateCheck = 1430;
				LastUpgradeCheck = 1430;
				TargetAttributes = {
					0611FD3D2B0A9FBC008A6CDE = {
						CreatedOnToolsVersion = 14.3.1;
					};
					0611FD4E2B0A9FBC008A6CDE = {
						CreatedOnToolsVersion = 14.3.1;
						TestTargetID = 0611FD3D2B0A9FBC008A6CDE;
					};
					0611FD582B0A9FBC008A6CDE = {
						CreatedOnToolsVersion = 14.3.1;
						TestTargetID = 0611FD3D2B0A9FBC008A6CDE;
					};
				};
			};
			buildConfigurationList = 0611FD392B0A9FBC008A6CDE /* Build configuration list for PBXProject "Portfolio" */;
			compatibilityVersion = "Xcode 14.0";
			developmentRegion = en;
			hasScannedForEncodings = 0;
			knownRegions = (
				en,
				Base,
			);
			mainGroup = 0611FD352B0A9FBC008A6CDE;
			productRefGroup = 0611FD3F2B0A9FBC008A6CDE /* Products */;
			projectDirPath = "";
			projectRoot = "";
			targets = (
				0611FD3D2B0A9FBC008A6CDE /* Portfolio */,
				0611FD4E2B0A9FBC008A6CDE /* PortfolioTests */,
				0611FD582B0A9FBC008A6CDE /* PortfolioUITests */,
			);
		};
/* End PBXProject section */

/* Begin PBXResourcesBuildPhase section */
		0611FD3C2B0A9FBC008A6CDE /* Resources */ = {
			isa = PBXResourcesBuildPhase;
			buildActionMask = 2147483647;
			files = (
				0611FE3B2B0AA60C008A6CDE /* Localizables.strings in Resources */,
				0611FDDA2B0AA2D5008A6CDE /* ColorScheme.xcassets in Resources */,
				0611FE412B0AA634008A6CDE /* Icons.xcassets in Resources */,
				0611FD462B0A9FBC008A6CDE /* Assets.xcassets in Resources */,
			);
			runOnlyForDeploymentPostprocessing = 0;
		};
		0611FD4D2B0A9FBC008A6CDE /* Resources */ = {
			isa = PBXResourcesBuildPhase;
			buildActionMask = 2147483647;
			files = (
				0611FDDB2B0AA2D5008A6CDE /* ColorScheme.xcassets in Resources */,
				0611FE422B0AA634008A6CDE /* Icons.xcassets in Resources */,
				0611FE3C2B0AA60C008A6CDE /* Localizables.strings in Resources */,
			);
			runOnlyForDeploymentPostprocessing = 0;
		};
		0611FD572B0A9FBC008A6CDE /* Resources */ = {
			isa = PBXResourcesBuildPhase;
			buildActionMask = 2147483647;
			files = (
			);
			runOnlyForDeploymentPostprocessing = 0;
		};
/* End PBXResourcesBuildPhase section */

/* Begin PBXShellScriptBuildPhase section */
		0611FE392B0AA5DC008A6CDE /* SwiftGen */ = {
			isa = PBXShellScriptBuildPhase;
			buildActionMask = 2147483647;
			files = (
			);
			inputFileListPaths = (
			);
			inputPaths = (
			);
			name = SwiftGen;
			outputFileListPaths = (
			);
			outputPaths = (
			);
			runOnlyForDeploymentPostprocessing = 0;
			shellPath = /bin/sh;
			shellScript = "export PATH=\"$PATH:/opt/homebrew/bin\"\n\nif which swiftgen; then\n    swiftgen\nelse\n  echo \"error: SwiftGen not installed, run 'brew install swiftgen'\"\nfi\n";
		};
/* End PBXShellScriptBuildPhase section */

/* Begin PBXSourcesBuildPhase section */
		0611FD3A2B0A9FBC008A6CDE /* Sources */ = {
			isa = PBXSourcesBuildPhase;
			buildActionMask = 2147483647;
			files = (
				0611FE012B0AA4A5008A6CDE /* AboutSceneView.swift in Sources */,
				0611FDDD2B0AA3D8008A6CDE /* ColorScheme.swift in Sources */,
				0611FE3E2B0AA616008A6CDE /* Localizables.swift in Sources */,
				0611FE252B0AA4A5008A6CDE /* MainSceneView.swift in Sources */,
				0611FE112B0AA4A5008A6CDE /* ContactSceneFactory.swift in Sources */,
				0611FE442B0AA63A008A6CDE /* Icons.swift in Sources */,
				0611FE172B0AA4A5008A6CDE /* NavigationCoordinator.swift in Sources */,
				0611FE2B2B0AA4A5008A6CDE /* MainSceneInteractor.swift in Sources */,
				0611FE032B0AA4A5008A6CDE /* AboutSceneFactory.swift in Sources */,
				0611FE352B0AA4A5008A6CDE /* PrinciplesScenePresenter.swift in Sources */,
				0611FE292B0AA4A5008A6CDE /* MainSceneFactory.swift in Sources */,
				0611FE372B0AA4A5008A6CDE /* PrinciplesSceneFactory.swift in Sources */,
				0611FE1D2B0AA4A5008A6CDE /* ExperiencesSceneFactory.swift in Sources */,
				0611FE272B0AA4A5008A6CDE /* MainSceneRouter.swift in Sources */,
				0611FE312B0AA4A5008A6CDE /* PrinciplesSceneView.swift in Sources */,
				0611FE0D2B0AA4A5008A6CDE /* ContactSceneInteractor.swift in Sources */,
				0611FE132B0AA4A5008A6CDE /* ContactSceneView.swift in Sources */,
				0611FE232B0AA4A5008A6CDE /* ExperiencesSceneRouter.swift in Sources */,
				0611FE052B0AA4A5008A6CDE /* AboutSceneRouter.swift in Sources */,
				0611FD422B0A9FBC008A6CDE /* PortfolioApp.swift in Sources */,
				0611FE212B0AA4A5008A6CDE /* ExperiencesSceneView.swift in Sources */,
				0611FE192B0AA4A5008A6CDE /* Factory.swift in Sources */,
				0611FE072B0AA4A5008A6CDE /* AboutScenePresenter.swift in Sources */,
				0611FE0B2B0AA4A5008A6CDE /* ContactScenePresenter.swift in Sources */,
				0611FE1F2B0AA4A5008A6CDE /* ExperiencesSceneInteractor.swift in Sources */,
				0611FE092B0AA4A5008A6CDE /* AboutSceneInteractor.swift in Sources */,
				0611FE2D2B0AA4A5008A6CDE /* MainScenePresenter.swift in Sources */,
				0611FE152B0AA4A5008A6CDE /* NavigationWrapperView.swift in Sources */,
				0611FE0F2B0AA4A5008A6CDE /* ContactSceneRouter.swift in Sources */,
				0611FE332B0AA4A5008A6CDE /* PrinciplesSceneInteractor.swift in Sources */,
				0611FDCD2B0AA075008A6CDE /* ServicesInjector.swift in Sources */,
				0611FE2F2B0AA4A5008A6CDE /* PrinciplesSceneRouter.swift in Sources */,
				0611FE1B2B0AA4A5008A6CDE /* ExperiencesScenePresenter.swift in Sources */,
			);
			runOnlyForDeploymentPostprocessing = 0;
		};
		0611FD4B2B0A9FBC008A6CDE /* Sources */ = {
			isa = PBXSourcesBuildPhase;
			buildActionMask = 2147483647;
			files = (
				0611FDDE2B0AA3D8008A6CDE /* ColorScheme.swift in Sources */,
				0611FE022B0AA4A5008A6CDE /* AboutSceneView.swift in Sources */,
				0611FE3F2B0AA616008A6CDE /* Localizables.swift in Sources */,
				0611FD542B0A9FBC008A6CDE /* PortfolioTests.swift in Sources */,
				0611FE262B0AA4A5008A6CDE /* MainSceneView.swift in Sources */,
				0611FE452B0AA63A008A6CDE /* Icons.swift in Sources */,
				0611FE122B0AA4A5008A6CDE /* ContactSceneFactory.swift in Sources */,
				0611FE182B0AA4A5008A6CDE /* NavigationCoordinator.swift in Sources */,
				0611FE2C2B0AA4A5008A6CDE /* MainSceneInteractor.swift in Sources */,
				0611FE042B0AA4A5008A6CDE /* AboutSceneFactory.swift in Sources */,
				0611FE362B0AA4A5008A6CDE /* PrinciplesScenePresenter.swift in Sources */,
				0611FE2A2B0AA4A5008A6CDE /* MainSceneFactory.swift in Sources */,
				0611FE382B0AA4A5008A6CDE /* PrinciplesSceneFactory.swift in Sources */,
				0611FE1E2B0AA4A5008A6CDE /* ExperiencesSceneFactory.swift in Sources */,
				0611FE282B0AA4A5008A6CDE /* MainSceneRouter.swift in Sources */,
				0611FE322B0AA4A5008A6CDE /* PrinciplesSceneView.swift in Sources */,
				0611FE0E2B0AA4A5008A6CDE /* ContactSceneInteractor.swift in Sources */,
				0611FE142B0AA4A5008A6CDE /* ContactSceneView.swift in Sources */,
				0611FE242B0AA4A5008A6CDE /* ExperiencesSceneRouter.swift in Sources */,
				0611FE062B0AA4A5008A6CDE /* AboutSceneRouter.swift in Sources */,
				0611FE222B0AA4A5008A6CDE /* ExperiencesSceneView.swift in Sources */,
				0611FE1A2B0AA4A5008A6CDE /* Factory.swift in Sources */,
				0611FE082B0AA4A5008A6CDE /* AboutScenePresenter.swift in Sources */,
				0611FE0C2B0AA4A5008A6CDE /* ContactScenePresenter.swift in Sources */,
				0611FDCE2B0AA075008A6CDE /* ServicesInjector.swift in Sources */,
				0611FE202B0AA4A5008A6CDE /* ExperiencesSceneInteractor.swift in Sources */,
				0611FE0A2B0AA4A5008A6CDE /* AboutSceneInteractor.swift in Sources */,
				0611FE2E2B0AA4A5008A6CDE /* MainScenePresenter.swift in Sources */,
				0611FE162B0AA4A5008A6CDE /* NavigationWrapperView.swift in Sources */,
				0611FE102B0AA4A5008A6CDE /* ContactSceneRouter.swift in Sources */,
				0611FE342B0AA4A5008A6CDE /* PrinciplesSceneInteractor.swift in Sources */,
				0611FE302B0AA4A5008A6CDE /* PrinciplesSceneRouter.swift in Sources */,
				0611FE1C2B0AA4A5008A6CDE /* ExperiencesScenePresenter.swift in Sources */,
			);
			runOnlyForDeploymentPostprocessing = 0;
		};
		0611FD552B0A9FBC008A6CDE /* Sources */ = {
			isa = PBXSourcesBuildPhase;
			buildActionMask = 2147483647;
			files = (
				0611FD5E2B0A9FBC008A6CDE /* PortfolioUITests.swift in Sources */,
				0611FD602B0A9FBC008A6CDE /* PortfolioUITestsLaunchTests.swift in Sources */,
			);
			runOnlyForDeploymentPostprocessing = 0;
		};
/* End PBXSourcesBuildPhase section */

/* Begin PBXTargetDependency section */
		0611FD512B0A9FBC008A6CDE /* PBXTargetDependency */ = {
			isa = PBXTargetDependency;
			target = 0611FD3D2B0A9FBC008A6CDE /* Portfolio */;
			targetProxy = 0611FD502B0A9FBC008A6CDE /* PBXContainerItemProxy */;
		};
		0611FD5B2B0A9FBC008A6CDE /* PBXTargetDependency */ = {
			isa = PBXTargetDependency;
			target = 0611FD3D2B0A9FBC008A6CDE /* Portfolio */;
			targetProxy = 0611FD5A2B0A9FBC008A6CDE /* PBXContainerItemProxy */;
		};
/* End PBXTargetDependency section */

/* Begin XCBuildConfiguration section */
		0611FD612B0A9FBC008A6CDE /* Debug */ = {
			isa = XCBuildConfiguration;
			buildSettings = {
				ALWAYS_SEARCH_USER_PATHS = NO;
				CLANG_ANALYZER_NONNULL = YES;
				CLANG_ANALYZER_NUMBER_OBJECT_CONVERSION = YES_AGGRESSIVE;
				CLANG_CXX_LANGUAGE_STANDARD = "gnu++20";
				CLANG_ENABLE_MODULES = YES;
				CLANG_ENABLE_OBJC_ARC = YES;
				CLANG_ENABLE_OBJC_WEAK = YES;
				CLANG_WARN_BLOCK_CAPTURE_AUTORELEASING = YES;
				CLANG_WARN_BOOL_CONVERSION = YES;
				CLANG_WARN_COMMA = YES;
				CLANG_WARN_CONSTANT_CONVERSION = YES;
				CLANG_WARN_DEPRECATED_OBJC_IMPLEMENTATIONS = YES;
				CLANG_WARN_DIRECT_OBJC_ISA_USAGE = YES_ERROR;
				CLANG_WARN_DOCUMENTATION_COMMENTS = YES;
				CLANG_WARN_EMPTY_BODY = YES;
				CLANG_WARN_ENUM_CONVERSION = YES;
				CLANG_WARN_INFINITE_RECURSION = YES;
				CLANG_WARN_INT_CONVERSION = YES;
				CLANG_WARN_NON_LITERAL_NULL_CONVERSION = YES;
				CLANG_WARN_OBJC_IMPLICIT_RETAIN_SELF = YES;
				CLANG_WARN_OBJC_LITERAL_CONVERSION = YES;
				CLANG_WARN_OBJC_ROOT_CLASS = YES_ERROR;
				CLANG_WARN_QUOTED_INCLUDE_IN_FRAMEWORK_HEADER = YES;
				CLANG_WARN_RANGE_LOOP_ANALYSIS = YES;
				CLANG_WARN_STRICT_PROTOTYPES = YES;
				CLANG_WARN_SUSPICIOUS_MOVE = YES;
				CLANG_WARN_UNGUARDED_AVAILABILITY = YES_AGGRESSIVE;
				CLANG_WARN_UNREACHABLE_CODE = YES;
				CLANG_WARN__DUPLICATE_METHOD_MATCH = YES;
				COPY_PHASE_STRIP = NO;
				DEBUG_INFORMATION_FORMAT = dwarf;
				ENABLE_STRICT_OBJC_MSGSEND = YES;
				ENABLE_TESTABILITY = YES;
				GCC_C_LANGUAGE_STANDARD = gnu11;
				GCC_DYNAMIC_NO_PIC = NO;
				GCC_NO_COMMON_BLOCKS = YES;
				GCC_OPTIMIZATION_LEVEL = 0;
				GCC_PREPROCESSOR_DEFINITIONS = (
					"DEBUG=1",
					"$(inherited)",
				);
				GCC_WARN_64_TO_32_BIT_CONVERSION = YES;
				GCC_WARN_ABOUT_RETURN_TYPE = YES_ERROR;
				GCC_WARN_UNDECLARED_SELECTOR = YES;
				GCC_WARN_UNINITIALIZED_AUTOS = YES_AGGRESSIVE;
				GCC_WARN_UNUSED_FUNCTION = YES;
				GCC_WARN_UNUSED_VARIABLE = YES;
				IPHONEOS_DEPLOYMENT_TARGET = 16.4;
				MTL_ENABLE_DEBUG_INFO = INCLUDE_SOURCE;
				MTL_FAST_MATH = YES;
				ONLY_ACTIVE_ARCH = YES;
				SDKROOT = macosx;
				SUPPORTED_PLATFORMS = "iphonesimulator iphoneos";
				SWIFT_ACTIVE_COMPILATION_CONDITIONS = DEBUG;
				SWIFT_OPTIMIZATION_LEVEL = "-Onone";
			};
			name = Debug;
		};
		0611FD622B0A9FBC008A6CDE /* Release */ = {
			isa = XCBuildConfiguration;
			buildSettings = {
				ALWAYS_SEARCH_USER_PATHS = NO;
				CLANG_ANALYZER_NONNULL = YES;
				CLANG_ANALYZER_NUMBER_OBJECT_CONVERSION = YES_AGGRESSIVE;
				CLANG_CXX_LANGUAGE_STANDARD = "gnu++20";
				CLANG_ENABLE_MODULES = YES;
				CLANG_ENABLE_OBJC_ARC = YES;
				CLANG_ENABLE_OBJC_WEAK = YES;
				CLANG_WARN_BLOCK_CAPTURE_AUTORELEASING = YES;
				CLANG_WARN_BOOL_CONVERSION = YES;
				CLANG_WARN_COMMA = YES;
				CLANG_WARN_CONSTANT_CONVERSION = YES;
				CLANG_WARN_DEPRECATED_OBJC_IMPLEMENTATIONS = YES;
				CLANG_WARN_DIRECT_OBJC_ISA_USAGE = YES_ERROR;
				CLANG_WARN_DOCUMENTATION_COMMENTS = YES;
				CLANG_WARN_EMPTY_BODY = YES;
				CLANG_WARN_ENUM_CONVERSION = YES;
				CLANG_WARN_INFINITE_RECURSION = YES;
				CLANG_WARN_INT_CONVERSION = YES;
				CLANG_WARN_NON_LITERAL_NULL_CONVERSION = YES;
				CLANG_WARN_OBJC_IMPLICIT_RETAIN_SELF = YES;
				CLANG_WARN_OBJC_LITERAL_CONVERSION = YES;
				CLANG_WARN_OBJC_ROOT_CLASS = YES_ERROR;
				CLANG_WARN_QUOTED_INCLUDE_IN_FRAMEWORK_HEADER = YES;
				CLANG_WARN_RANGE_LOOP_ANALYSIS = YES;
				CLANG_WARN_STRICT_PROTOTYPES = YES;
				CLANG_WARN_SUSPICIOUS_MOVE = YES;
				CLANG_WARN_UNGUARDED_AVAILABILITY = YES_AGGRESSIVE;
				CLANG_WARN_UNREACHABLE_CODE = YES;
				CLANG_WARN__DUPLICATE_METHOD_MATCH = YES;
				COPY_PHASE_STRIP = NO;
				DEBUG_INFORMATION_FORMAT = "dwarf-with-dsym";
				ENABLE_NS_ASSERTIONS = NO;
				ENABLE_STRICT_OBJC_MSGSEND = YES;
				GCC_C_LANGUAGE_STANDARD = gnu11;
				GCC_NO_COMMON_BLOCKS = YES;
				GCC_WARN_64_TO_32_BIT_CONVERSION = YES;
				GCC_WARN_ABOUT_RETURN_TYPE = YES_ERROR;
				GCC_WARN_UNDECLARED_SELECTOR = YES;
				GCC_WARN_UNINITIALIZED_AUTOS = YES_AGGRESSIVE;
				GCC_WARN_UNUSED_FUNCTION = YES;
				GCC_WARN_UNUSED_VARIABLE = YES;
				IPHONEOS_DEPLOYMENT_TARGET = 16.4;
				MTL_ENABLE_DEBUG_INFO = NO;
				MTL_FAST_MATH = YES;
				SDKROOT = macosx;
				SUPPORTED_PLATFORMS = "iphonesimulator iphoneos";
				SWIFT_COMPILATION_MODE = wholemodule;
				SWIFT_OPTIMIZATION_LEVEL = "-O";
			};
			name = Release;
		};
		0611FD642B0A9FBC008A6CDE /* Debug */ = {
			isa = XCBuildConfiguration;
			buildSettings = {
				ASSETCATALOG_COMPILER_APPICON_NAME = AppIcon;
				ASSETCATALOG_COMPILER_GLOBAL_ACCENT_COLOR_NAME = AccentColor;
				CODE_SIGN_ENTITLEMENTS = Portfolio/Portfolio.entitlements;
				CODE_SIGN_STYLE = Automatic;
				COMBINE_HIDPI_IMAGES = YES;
				CURRENT_PROJECT_VERSION = 1;
				ENABLE_PREVIEWS = YES;
				GENERATE_INFOPLIST_FILE = YES;
				INFOPLIST_KEY_CFBundleDisplayName = MRK;
				INFOPLIST_KEY_LSApplicationCategoryType = "public.app-category.business";
				INFOPLIST_KEY_NSHumanReadableCopyright = "";
				INFOPLIST_KEY_UISupportedInterfaceOrientations = UIInterfaceOrientationPortrait;
				INFOPLIST_KEY_UISupportedInterfaceOrientations_iPad = "UIInterfaceOrientationLandscapeLeft UIInterfaceOrientationLandscapeRight UIInterfaceOrientationPortrait";
				LD_RUNPATH_SEARCH_PATHS = (
					"$(inherited)",
					"@executable_path/../Frameworks",
				);
				MARKETING_VERSION = 1.0;
				PRODUCT_BUNDLE_IDENTIFIER = mrktrace.app.Portfolio;
				PRODUCT_NAME = "$(TARGET_NAME)";
				SUPPORTED_PLATFORMS = "iphoneos iphonesimulator";
				SUPPORTS_MACCATALYST = NO;
				SUPPORTS_MAC_DESIGNED_FOR_IPHONE_IPAD = NO;
				SWIFT_EMIT_LOC_STRINGS = YES;
				SWIFT_VERSION = 5.0;
				TARGETED_DEVICE_FAMILY = "1,2";
			};
			name = Debug;
		};
		0611FD652B0A9FBC008A6CDE /* Release */ = {
			isa = XCBuildConfiguration;
			buildSettings = {
				ASSETCATALOG_COMPILER_APPICON_NAME = AppIcon;
				ASSETCATALOG_COMPILER_GLOBAL_ACCENT_COLOR_NAME = AccentColor;
				CODE_SIGN_ENTITLEMENTS = Portfolio/Portfolio.entitlements;
				CODE_SIGN_STYLE = Automatic;
				COMBINE_HIDPI_IMAGES = YES;
				CURRENT_PROJECT_VERSION = 1;
				ENABLE_PREVIEWS = YES;
				GENERATE_INFOPLIST_FILE = YES;
				INFOPLIST_KEY_CFBundleDisplayName = MRK;
				INFOPLIST_KEY_LSApplicationCategoryType = "public.app-category.business";
				INFOPLIST_KEY_NSHumanReadableCopyright = "";
				INFOPLIST_KEY_UISupportedInterfaceOrientations = UIInterfaceOrientationPortrait;
				INFOPLIST_KEY_UISupportedInterfaceOrientations_iPad = "UIInterfaceOrientationLandscapeLeft UIInterfaceOrientationLandscapeRight UIInterfaceOrientationPortrait";
				LD_RUNPATH_SEARCH_PATHS = (
					"$(inherited)",
					"@executable_path/../Frameworks",
				);
				MARKETING_VERSION = 1.0;
				PRODUCT_BUNDLE_IDENTIFIER = mrktrace.app.Portfolio;
				PRODUCT_NAME = "$(TARGET_NAME)";
				SUPPORTED_PLATFORMS = "iphoneos iphonesimulator";
				SUPPORTS_MACCATALYST = NO;
				SUPPORTS_MAC_DESIGNED_FOR_IPHONE_IPAD = NO;
				SWIFT_EMIT_LOC_STRINGS = YES;
				SWIFT_VERSION = 5.0;
				TARGETED_DEVICE_FAMILY = "1,2";
			};
			name = Release;
		};
		0611FD672B0A9FBC008A6CDE /* Debug */ = {
			isa = XCBuildConfiguration;
			buildSettings = {
				ALWAYS_EMBED_SWIFT_STANDARD_LIBRARIES = YES;
				BUNDLE_LOADER = "$(TEST_HOST)";
				CODE_SIGN_STYLE = Automatic;
				CURRENT_PROJECT_VERSION = 1;
				GENERATE_INFOPLIST_FILE = YES;
				MACOSX_DEPLOYMENT_TARGET = 13.3;
				MARKETING_VERSION = 1.0;
				PRODUCT_BUNDLE_IDENTIFIER = mrktrace.app.PortfolioTests;
				PRODUCT_NAME = "$(TARGET_NAME)";
				SWIFT_EMIT_LOC_STRINGS = NO;
				SWIFT_VERSION = 5.0;
				TEST_HOST = "$(BUILT_PRODUCTS_DIR)/Portfolio.app/$(BUNDLE_EXECUTABLE_FOLDER_PATH)/Portfolio";
			};
			name = Debug;
		};
		0611FD682B0A9FBC008A6CDE /* Release */ = {
			isa = XCBuildConfiguration;
			buildSettings = {
				ALWAYS_EMBED_SWIFT_STANDARD_LIBRARIES = YES;
				BUNDLE_LOADER = "$(TEST_HOST)";
				CODE_SIGN_STYLE = Automatic;
				CURRENT_PROJECT_VERSION = 1;
				GENERATE_INFOPLIST_FILE = YES;
				MACOSX_DEPLOYMENT_TARGET = 13.3;
				MARKETING_VERSION = 1.0;
				PRODUCT_BUNDLE_IDENTIFIER = mrktrace.app.PortfolioTests;
				PRODUCT_NAME = "$(TARGET_NAME)";
				SWIFT_EMIT_LOC_STRINGS = NO;
				SWIFT_VERSION = 5.0;
				TEST_HOST = "$(BUILT_PRODUCTS_DIR)/Portfolio.app/$(BUNDLE_EXECUTABLE_FOLDER_PATH)/Portfolio";
			};
			name = Release;
		};
		0611FD6A2B0A9FBC008A6CDE /* Debug */ = {
			isa = XCBuildConfiguration;
			buildSettings = {
				ALWAYS_EMBED_SWIFT_STANDARD_LIBRARIES = YES;
				CODE_SIGN_STYLE = Automatic;
				CURRENT_PROJECT_VERSION = 1;
				GENERATE_INFOPLIST_FILE = YES;
				MARKETING_VERSION = 1.0;
				PRODUCT_BUNDLE_IDENTIFIER = mrktrace.app.PortfolioUITests;
				PRODUCT_NAME = "$(TARGET_NAME)";
				SWIFT_EMIT_LOC_STRINGS = NO;
				SWIFT_VERSION = 5.0;
				TEST_TARGET_NAME = Portfolio;
			};
			name = Debug;
		};
		0611FD6B2B0A9FBC008A6CDE /* Release */ = {
			isa = XCBuildConfiguration;
			buildSettings = {
				ALWAYS_EMBED_SWIFT_STANDARD_LIBRARIES = YES;
				CODE_SIGN_STYLE = Automatic;
				CURRENT_PROJECT_VERSION = 1;
				GENERATE_INFOPLIST_FILE = YES;
				MARKETING_VERSION = 1.0;
				PRODUCT_BUNDLE_IDENTIFIER = mrktrace.app.PortfolioUITests;
				PRODUCT_NAME = "$(TARGET_NAME)";
				SWIFT_EMIT_LOC_STRINGS = NO;
				SWIFT_VERSION = 5.0;
				TEST_TARGET_NAME = Portfolio;
			};
			name = Release;
		};
/* End XCBuildConfiguration section */

/* Begin XCConfigurationList section */
		0611FD392B0A9FBC008A6CDE /* Build configuration list for PBXProject "Portfolio" */ = {
			isa = XCConfigurationList;
			buildConfigurations = (
				0611FD612B0A9FBC008A6CDE /* Debug */,
				0611FD622B0A9FBC008A6CDE /* Release */,
			);
			defaultConfigurationIsVisible = 0;
			defaultConfigurationName = Release;
		};
		0611FD632B0A9FBC008A6CDE /* Build configuration list for PBXNativeTarget "Portfolio" */ = {
			isa = XCConfigurationList;
			buildConfigurations = (
				0611FD642B0A9FBC008A6CDE /* Debug */,
				0611FD652B0A9FBC008A6CDE /* Release */,
			);
			defaultConfigurationIsVisible = 0;
			defaultConfigurationName = Release;
		};
		0611FD662B0A9FBC008A6CDE /* Build configuration list for PBXNativeTarget "PortfolioTests" */ = {
			isa = XCConfigurationList;
			buildConfigurations = (
				0611FD672B0A9FBC008A6CDE /* Debug */,
				0611FD682B0A9FBC008A6CDE /* Release */,
			);
			defaultConfigurationIsVisible = 0;
			defaultConfigurationName = Release;
		};
		0611FD692B0A9FBC008A6CDE /* Build configuration list for PBXNativeTarget "PortfolioUITests" */ = {
			isa = XCConfigurationList;
			buildConfigurations = (
				0611FD6A2B0A9FBC008A6CDE /* Debug */,
				0611FD6B2B0A9FBC008A6CDE /* Release */,
			);
			defaultConfigurationIsVisible = 0;
			defaultConfigurationName = Release;
		};
/* End XCConfigurationList section */
	};
	rootObject = 0611FD362B0A9FBC008A6CDE /* Project object */;
}
